<?xml version="1.0" encoding="utf-8"?>
<Project ToolsVersion="4.0" xmlns="http://schemas.microsoft.com/developer/msbuild/2003">
  <ItemGroup>
    <Filter Include="Source Files">
      <UniqueIdentifier>{747e6e62-0db3-45e1-bb12-2b28f792f24f}</UniqueIdentifier>
      <Extensions>c</Extensions>
    </Filter>
    <Filter Include="Header Files">
      <UniqueIdentifier>{f94f6c91-e973-4ca1-b9bc-e578902106ef}</UniqueIdentifier>
      <Extensions>h</Extensions>
    </Filter>
  </ItemGroup>
  <ItemGroup>
    <ClCompile Include="..\audio.c">
      <Filter>Source Files</Filter>
    </ClCompile>
    <ClCompile Include="..\audio_aiff.c">
      <Filter>Source Files</Filter>
    </ClCompile>
    <ClCompile Include="..\audio_cdda.c">
      <Filter>Source Files</Filter>
    </ClCompile>
    <ClCompile Include="..\audio_hex.c">
      <Filter>Source Files</Filter>
    </ClCompile>
    <ClCompile Include="..\audio_null.c">
      <Filter>Source Files</Filter>
    </ClCompile>
    <ClCompile Include="..\audio_raw.c">
      <Filter>Source Files</Filter>
    </ClCompile>
    <ClCompile Include="..\audio_snd.c">
      <Filter>Source Files</Filter>
    </ClCompile>
    <ClCompile Include="..\audio_wave.c">
      <Filter>Source Files</Filter>
    </ClCompile>
    <ClCompile Include="..\audio_win32.c">
      <Filter>Source Files</Filter>
    </ClCompile>
    <ClCompile Include="..\crc.c">
      <Filter>Source Files</Filter>
    </ClCompile>
    <ClCompile Include="..\filter.c">
      <Filter>Source Files</Filter>
    </ClCompile>
    <ClCompile Include="..\getopt.c">
      <Filter>Source Files</Filter>
    </ClCompile>
    <ClCompile Include="..\getopt1.c">
      <Filter>Source Files</Filter>
    </ClCompile>
    <ClCompile Include="..\madplay.c">
      <Filter>Source Files</Filter>
    </ClCompile>
    <ClCompile Include="..\player.c">
      <Filter>Source Files</Filter>
    </ClCompile>
    <ClCompile Include="..\resample.c">
      <Filter>Source Files</Filter>
    </ClCompile>
    <ClCompile Include="..\strcasecmp.c">
      <Filter>Source Files</Filter>
    </ClCompile>
    <ClCompile Include="..\strncasecmp.c">
      <Filter>Source Files</Filter>
    </ClCompile>
    <ClCompile Include="..\tag.c">
      <Filter>Source Files</Filter>
    </ClCompile>
    <ClCompile Include="..\version.c">
      <Filter>Source Files</Filter>
    </ClCompile>
  </ItemGroup>
  <ItemGroup>
    <ClInclude Include="..\audio.h">
      <Filter>Header Files</Filter>
    </ClInclude>
    <ClInclude Include="config.h">
      <Filter>Header Files</Filter>
    </ClInclude>
    <ClInclude Include="..\crc.h">
      <Filter>Header Files</Filter>
    </ClInclude>
    <ClInclude Include="..\filter.h">
      <Filter>Header Files</Filter>
    </ClInclude>
    <ClInclude Include="..\getopt.h">
      <Filter>Header Files</Filter>
    </ClInclude>
    <ClInclude Include="..\gettext.h">
      <Filter>Header Files</Filter>
    </ClInclude>
    <ClInclude Include="..\global.h">
      <Filter>Header Files</Filter>
    </ClInclude>
    <ClInclude Include="..\player.h">
      <Filter>Header Files</Filter>
    </ClInclude>
    <ClInclude Include="..\resample.h">
      <Filter>Header Files</Filter>
    </ClInclude>
    <ClInclude Include="..\tag.h">
      <Filter>Header Files</Filter>
    </ClInclude>
    <ClInclude Include="..\version.h">
      <Filter>Header Files</Filter>
    </ClInclude>
  </ItemGroup>
</Project>