
Microsoft Visual Studio Solution File, Format Version 12.00
# Visual Studio 2013
VisualStudioVersion = 12.0.31101.0
MinimumVisualStudioVersion = 10.0.40219.1
Project("{FAE04EC0-301F-11D3-BF4B-00C04F79EFBC}") = "UVEngine", "UVEngine\UVEngine.csproj", "{7F7B2826-55CA-444F-A996-48D0575DC1BD}"
EndProject
Project("{FAE04EC0-301F-11D3-BF4B-00C04F79EFBC}") = "BGM", "BGM\BGM.csproj", "{52659196-3582-458D-AA2A-EE0DB201F908}"
EndProject
Project("{FAE04EC0-301F-11D3-BF4B-00C04F79EFBC}") = "OggDecode", "OggDecode\OggDecode.csproj", "{B2709556-3C90-4BCD-83BF-F0F749744E65}"
EndProject
Project("{2150E333-8FDC-42A3-9474-1A3956D46DE8}") = "Native", "Native", "{88D3818F-DD2B-4163-A30D-B5F05E9471B5}"
EndProject
Project("{2150E333-8FDC-42A3-9474-1A3956D46DE8}") = "Managed", "Managed", "{AD9BD850-D2EF-45E9-80EA-12C8D2F00BD3}"
EndProject
Project("{2150E333-8FDC-42A3-9474-1A3956D46DE8}") = "Main", "Main", "{FED70F6C-AC4B-4E89-B71A-D7689B321001}"
EndProject
Project("{8BC9CEB8-8B4A-11D0-8D11-00A0C91BC942}") = "UVEngineNative", "UVEngineNative\UVEngineNative.vcxproj", "{4CE737C8-6D88-4C09-A56F-D21F6602DFB1}"
EndProject
Project("{8BC9CEB8-8B4A-11D0-8D11-00A0C91BC942}") = "SDL_ttf", "SDL_ttf\SDL_ttf.vcxproj", "{23BDCCD2-4E53-4345-8C18-5913C55E81BA}"
EndProject
Project("{8BC9CEB8-8B4A-11D0-8D11-00A0C91BC942}") = "freetype", "freetype\builds\win32\vc2010\freetype.vcxproj", "{78B079BD-9FC7-4B9E-B4A6-96DA0F00248B}"
EndProject
Project("{8BC9CEB8-8B4A-11D0-8D11-00A0C91BC942}") = "SDL_mixer", "SDL_mixer\VisualC\SDL_mixer.vcxproj", "{F7E944B3-0815-40CD-B3E4-90B2A15B0E33}"
EndProject
Project("{8BC9CEB8-8B4A-11D0-8D11-00A0C91BC942}") = "native_midi", "SDL_mixer\VisualC\native_midi\native_midi.vcxproj", "{EBDA67CA-4A23-4F22-BFBC-B8DBE0580D4F}"
EndProject
Project("{8BC9CEB8-8B4A-11D0-8D11-00A0C91BC942}") = "timidity", "SDL_mixer\VisualC\timidity\timidity.vcxproj", "{B162B6F1-E876-4D5F-A1F6-E3A6DC2F4A2C}"
EndProject
Project("{8BC9CEB8-8B4A-11D0-8D11-00A0C91BC942}") = "SDL_image", "SDL_image\VisualC\SDL_image_VS2012.vcxproj", "{2BD5534E-00E2-4BEA-AC96-D9A92EA24696}"
EndProject
Project("{8BC9CEB8-8B4A-11D0-8D11-00A0C91BC942}") = "lua", "lua\lua.vcxproj", "{D9982E89-7378-4C7B-88DC-7D949E3BCC12}"
EndProject
Project("{8BC9CEB8-8B4A-11D0-8D11-00A0C91BC942}") = "SDL-WinPhone", "SDL\VisualC-WinPhone\SDL\SDL_VS2012-WinPhone.vcxproj", "{33048AF1-031A-4CE6-B61E-FAD2DB832E9E}"
EndProject
Project("{8BC9CEB8-8B4A-11D0-8D11-00A0C91BC942}") = "libjpeg-9", "libjpeg-9\libjpeg-9.vcxproj", "{1BAB2AFC-3520-481B-8132-5D4D9619E58D}"
EndProject
Project("{8BC9CEB8-8B4A-11D0-8D11-00A0C91BC942}") = "libvorbisfile", "libvorbis-1.3.3\libvorbis-1.3.3\win32\VS2010\libvorbisfile\libvorbisfile_static.vcxproj", "{CEBDE98B-A6AA-46E6-BC79-FAAF823DB9EC}"
EndProject
Project("{8BC9CEB8-8B4A-11D0-8D11-00A0C91BC942}") = "libvorbis_static", "libvorbis-1.3.3\libvorbis-1.3.3\win32\VS2010\libvorbis\libvorbis_static.vcxproj", "{3A214E06-B95E-4D61-A291-1F8DF2EC10FD}"
EndProject
Project("{8BC9CEB8-8B4A-11D0-8D11-00A0C91BC942}") = "libogg_static", "libogg-1.3.1\libogg-1.3.1\win32\VS2010\libogg_static.vcxproj", "{15CBFEFF-7965-41F5-B4E2-21E8795C9159}"
EndProject
Project("{2150E333-8FDC-42A3-9474-1A3956D46DE8}") = "Native Libraries", "Native Libraries", "{C6205593-12B4-4F09-9375-888A9943330B}"
EndProject
Project("{2150E333-8FDC-42A3-9474-1A3956D46DE8}") = "SDL", "SDL", "{96A1BAC3-8638-4762-8A1B-451443FF2E22}"
EndProject
Project("{8BC9CEB8-8B4A-11D0-8D11-00A0C91BC942}") = "smpeg", "smpeg\VisualC\smpeg.vcxproj", "{93B4F285-36F4-4618-B230-73E1F7734576}"
EndProject
Project("{8BC9CEB8-8B4A-11D0-8D11-00A0C91BC942}") = "libmad", "libmad\msvc++\libmad.vcxproj", "{F2B5F26B-F826-64D1-D807-84C31AD8B790}"
EndProject
Global
	GlobalSection(TeamFoundationVersionControl) = preSolution
		SccNumberOfProjects = 19
		SccEnterpriseProvider = {4CA58AB2-18FA-4F8D-95D4-32DDF27D184C}
		SccTeamFoundationServer = https://tfs.ligstd.com/tfs/defaultcollection
		SccProjectUniqueName0 = BGM\\BGM.csproj
		SccProjectTopLevelParentUniqueName0 = UVEngine.sln
		SccProjectName0 = BGM
		SccLocalPath0 = BGM
		SccProjectUniqueName1 = freetype\\builds\\win32\\vc2010\\freetype.vcxproj
		SccProjectTopLevelParentUniqueName1 = UVEngine.sln
		SccProjectName1 = freetype/builds/win32/vc2010
		SccLocalPath1 = freetype\\builds\\win32\\vc2010
		SccProjectUniqueName2 = libjpeg-9\\libjpeg-9.vcxproj
		SccProjectTopLevelParentUniqueName2 = UVEngine.sln
		SccProjectName2 = libjpeg-9
		SccLocalPath2 = libjpeg-9
		SccProjectUniqueName3 = libmad\\msvc++\\libmad.vcxproj
		SccProjectTopLevelParentUniqueName3 = UVEngine.sln
		SccProjectName3 = libmad/msvc++
		SccLocalPath3 = libmad\\msvc++
		SccProjectUniqueName4 = libogg-1.3.1\\libogg-1.3.1\\win32\\VS2010\\libogg_static.vcxproj
		SccProjectTopLevelParentUniqueName4 = UVEngine.sln
		SccProjectName4 = libogg-1.3.1/libogg-1.3.1/win32/VS2010
		SccLocalPath4 = libogg-1.3.1\\libogg-1.3.1\\win32\\VS2010
		SccProjectUniqueName5 = libvorbis-1.3.3\\libvorbis-1.3.3\\win32\\VS2010\\libvorbis\\libvorbis_static.vcxproj
		SccProjectTopLevelParentUniqueName5 = UVEngine.sln
		SccProjectName5 = libvorbis-1.3.3/libvorbis-1.3.3/win32/VS2010/libvorbis
		SccLocalPath5 = libvorbis-1.3.3\\libvorbis-1.3.3\\win32\\VS2010\\libvorbis
		SccProjectUniqueName6 = libvorbis-1.3.3\\libvorbis-1.3.3\\win32\\VS2010\\libvorbisfile\\libvorbisfile_static.vcxproj
		SccProjectTopLevelParentUniqueName6 = UVEngine.sln
		SccProjectName6 = libvorbis-1.3.3/libvorbis-1.3.3/win32/VS2010/libvorbisfile
		SccLocalPath6 = libvorbis-1.3.3\\libvorbis-1.3.3\\win32\\VS2010\\libvorbisfile
		SccProjectUniqueName7 = lua\\lua.vcxproj
		SccProjectTopLevelParentUniqueName7 = UVEngine.sln
		SccProjectName7 = lua
		SccLocalPath7 = lua
		SccProjectUniqueName8 = OggDecode\\OggDecode.csproj
		SccProjectTopLevelParentUniqueName8 = UVEngine.sln
		SccProjectName8 = OggDecode
		SccLocalPath8 = OggDecode
		SccProjectUniqueName9 = SDL\\VisualC-WinPhone\\SDL\\SDL_VS2012-WinPhone.vcxproj
		SccProjectTopLevelParentUniqueName9 = UVEngine.sln
		SccProjectName9 = SDL/VisualC-WinPhone/SDL
		SccLocalPath9 = SDL\\VisualC-WinPhone\\SDL
		SccProjectUniqueName10 = SDL_image\\VisualC\\SDL_image_VS2012.vcxproj
		SccProjectTopLevelParentUniqueName10 = UVEngine.sln
		SccProjectName10 = SDL_image/VisualC
		SccLocalPath10 = SDL_image\\VisualC
		SccProjectUniqueName11 = SDL_mixer\\VisualC\\native_midi\\native_midi.vcxproj
		SccProjectTopLevelParentUniqueName11 = UVEngine.sln
		SccProjectName11 = SDL_mixer/VisualC/native_midi
		SccLocalPath11 = SDL_mixer\\VisualC\\native_midi
		SccProjectUniqueName12 = SDL_mixer\\VisualC\\SDL_mixer.vcxproj
		SccProjectTopLevelParentUniqueName12 = UVEngine.sln
		SccProjectName12 = SDL_mixer/VisualC
		SccLocalPath12 = SDL_mixer\\VisualC
		SccProjectUniqueName13 = SDL_mixer\\VisualC\\timidity\\timidity.vcxproj
		SccProjectTopLevelParentUniqueName13 = UVEngine.sln
		SccProjectName13 = SDL_mixer/VisualC/timidity
		SccLocalPath13 = SDL_mixer\\VisualC\\timidity
		SccProjectUniqueName14 = SDL_ttf\\SDL_ttf.vcxproj
		SccProjectTopLevelParentUniqueName14 = UVEngine.sln
		SccProjectName14 = SDL_ttf
		SccLocalPath14 = SDL_ttf
		SccProjectUniqueName15 = smpeg\\VisualC\\smpeg.vcxproj
		SccProjectTopLevelParentUniqueName15 = UVEngine.sln
		SccProjectName15 = smpeg/VisualC
		SccLocalPath15 = smpeg\\VisualC
		SccProjectUniqueName16 = UVEngine\\UVEngine.csproj
		SccProjectTopLevelParentUniqueName16 = UVEngine.sln
		SccProjectName16 = UVEngine
		SccLocalPath16 = UVEngine
		SccProjectUniqueName17 = UVEngineNative\\UVEngineNative.vcxproj
		SccProjectTopLevelParentUniqueName17 = UVEngine.sln
		SccProjectName17 = UVEngineNative
		SccLocalPath17 = UVEngineNative
		SccLocalPath18 = .
	EndGlobalSection
	GlobalSection(SolutionConfigurationPlatforms) = preSolution
		Debug Library|ARM = Debug Library|ARM
		Debug Library|Win32 = Debug Library|Win32
		Debug Library|x64 = Debug Library|x64
		Debug Multithreaded|ARM = Debug Multithreaded|ARM
		Debug Multithreaded|Win32 = Debug Multithreaded|Win32
		Debug Multithreaded|x64 = Debug Multithreaded|x64
		Debug Singlethreaded|ARM = Debug Singlethreaded|ARM
		Debug Singlethreaded|Win32 = Debug Singlethreaded|Win32
		Debug Singlethreaded|x64 = Debug Singlethreaded|x64
		Debug|ARM = Debug|ARM
		Debug|Win32 = Debug|Win32
		Debug|x64 = Debug|x64
		Release Library|ARM = Release Library|ARM
		Release Library|Win32 = Release Library|Win32
		Release Library|x64 = Release Library|x64
		Release Multithreaded|ARM = Release Multithreaded|ARM
		Release Multithreaded|Win32 = Release Multithreaded|Win32
		Release Multithreaded|x64 = Release Multithreaded|x64
		Release Singlethreaded|ARM = Release Singlethreaded|ARM
		Release Singlethreaded|Win32 = Release Singlethreaded|Win32
		Release Singlethreaded|x64 = Release Singlethreaded|x64
		Release|ARM = Release|ARM
		Release|Win32 = Release|Win32
		Release|x64 = Release|x64
		Template|ARM = Template|ARM
		Template|Win32 = Template|Win32
		Template|x64 = Template|x64
	EndGlobalSection
	GlobalSection(ProjectConfigurationPlatforms) = postSolution
		{7F7B2826-55CA-444F-A996-48D0575DC1BD}.Debug Library|ARM.ActiveCfg = Debug Singlethreaded|ARM
		{7F7B2826-55CA-444F-A996-48D0575DC1BD}.Debug Library|ARM.Build.0 = Debug Singlethreaded|ARM
		{7F7B2826-55CA-444F-A996-48D0575DC1BD}.Debug Library|ARM.Deploy.0 = Debug Singlethreaded|ARM
		{7F7B2826-55CA-444F-A996-48D0575DC1BD}.Debug Library|Win32.ActiveCfg = Debug Singlethreaded|x86
		{7F7B2826-55CA-444F-A996-48D0575DC1BD}.Debug Library|Win32.Build.0 = Debug Singlethreaded|x86
		{7F7B2826-55CA-444F-A996-48D0575DC1BD}.Debug Library|Win32.Deploy.0 = Debug Singlethreaded|x86
		{7F7B2826-55CA-444F-A996-48D0575DC1BD}.Debug Library|x64.ActiveCfg = Debug Singlethreaded|Any CPU
		{7F7B2826-55CA-444F-A996-48D0575DC1BD}.Debug Multithreaded|ARM.ActiveCfg = Debug Multithreaded|ARM
		{7F7B2826-55CA-444F-A996-48D0575DC1BD}.Debug Multithreaded|ARM.Build.0 = Debug Multithreaded|ARM
		{7F7B2826-55CA-444F-A996-48D0575DC1BD}.Debug Multithreaded|ARM.Deploy.0 = Debug Multithreaded|ARM
		{7F7B2826-55CA-444F-A996-48D0575DC1BD}.Debug Multithreaded|Win32.ActiveCfg = Debug Multithreaded|x86
		{7F7B2826-55CA-444F-A996-48D0575DC1BD}.Debug Multithreaded|Win32.Build.0 = Debug Multithreaded|x86
		{7F7B2826-55CA-444F-A996-48D0575DC1BD}.Debug Multithreaded|Win32.Deploy.0 = Debug Multithreaded|x86
		{7F7B2826-55CA-444F-A996-48D0575DC1BD}.Debug Multithreaded|x64.ActiveCfg = Debug Multithreaded|Any CPU
		{7F7B2826-55CA-444F-A996-48D0575DC1BD}.Debug Singlethreaded|ARM.ActiveCfg = Debug Singlethreaded|ARM
		{7F7B2826-55CA-444F-A996-48D0575DC1BD}.Debug Singlethreaded|ARM.Build.0 = Debug Singlethreaded|ARM
		{7F7B2826-55CA-444F-A996-48D0575DC1BD}.Debug Singlethreaded|ARM.Deploy.0 = Debug Singlethreaded|ARM
		{7F7B2826-55CA-444F-A996-48D0575DC1BD}.Debug Singlethreaded|Win32.ActiveCfg = Debug Singlethreaded|x86
		{7F7B2826-55CA-444F-A996-48D0575DC1BD}.Debug Singlethreaded|Win32.Build.0 = Debug Singlethreaded|x86
		{7F7B2826-55CA-444F-A996-48D0575DC1BD}.Debug Singlethreaded|Win32.Deploy.0 = Debug Singlethreaded|x86
		{7F7B2826-55CA-444F-A996-48D0575DC1BD}.Debug Singlethreaded|x64.ActiveCfg = Debug Singlethreaded|Any CPU
		{7F7B2826-55CA-444F-A996-48D0575DC1BD}.Debug|ARM.ActiveCfg = Debug|ARM
		{7F7B2826-55CA-444F-A996-48D0575DC1BD}.Debug|ARM.Build.0 = Debug|ARM
		{7F7B2826-55CA-444F-A996-48D0575DC1BD}.Debug|ARM.Deploy.0 = Debug|ARM
		{7F7B2826-55CA-444F-A996-48D0575DC1BD}.Debug|Win32.ActiveCfg = Debug|x86
		{7F7B2826-55CA-444F-A996-48D0575DC1BD}.Debug|Win32.Build.0 = Debug|x86
		{7F7B2826-55CA-444F-A996-48D0575DC1BD}.Debug|Win32.Deploy.0 = Debug|x86
		{7F7B2826-55CA-444F-A996-48D0575DC1BD}.Debug|x64.ActiveCfg = Debug|Any CPU
		{7F7B2826-55CA-444F-A996-48D0575DC1BD}.Release Library|ARM.ActiveCfg = Release Singlethreaded|ARM
		{7F7B2826-55CA-444F-A996-48D0575DC1BD}.Release Library|ARM.Build.0 = Release Singlethreaded|ARM
		{7F7B2826-55CA-444F-A996-48D0575DC1BD}.Release Library|ARM.Deploy.0 = Release Singlethreaded|ARM
		{7F7B2826-55CA-444F-A996-48D0575DC1BD}.Release Library|Win32.ActiveCfg = Release Singlethreaded|x86
		{7F7B2826-55CA-444F-A996-48D0575DC1BD}.Release Library|Win32.Build.0 = Release Singlethreaded|x86
		{7F7B2826-55CA-444F-A996-48D0575DC1BD}.Release Library|Win32.Deploy.0 = Release Singlethreaded|x86
		{7F7B2826-55CA-444F-A996-48D0575DC1BD}.Release Library|x64.ActiveCfg = Release Singlethreaded|Any CPU
		{7F7B2826-55CA-444F-A996-48D0575DC1BD}.Release Multithreaded|ARM.ActiveCfg = Release Multithreaded|ARM
		{7F7B2826-55CA-444F-A996-48D0575DC1BD}.Release Multithreaded|ARM.Build.0 = Release Multithreaded|ARM
		{7F7B2826-55CA-444F-A996-48D0575DC1BD}.Release Multithreaded|ARM.Deploy.0 = Release Multithreaded|ARM
		{7F7B2826-55CA-444F-A996-48D0575DC1BD}.Release Multithreaded|Win32.ActiveCfg = Release Multithreaded|x86
		{7F7B2826-55CA-444F-A996-48D0575DC1BD}.Release Multithreaded|Win32.Build.0 = Release Multithreaded|x86
		{7F7B2826-55CA-444F-A996-48D0575DC1BD}.Release Multithreaded|Win32.Deploy.0 = Release Multithreaded|x86
		{7F7B2826-55CA-444F-A996-48D0575DC1BD}.Release Multithreaded|x64.ActiveCfg = Release Multithreaded|Any CPU
		{7F7B2826-55CA-444F-A996-48D0575DC1BD}.Release Singlethreaded|ARM.ActiveCfg = Release Singlethreaded|ARM
		{7F7B2826-55CA-444F-A996-48D0575DC1BD}.Release Singlethreaded|ARM.Build.0 = Release Singlethreaded|ARM
		{7F7B2826-55CA-444F-A996-48D0575DC1BD}.Release Singlethreaded|ARM.Deploy.0 = Release Singlethreaded|ARM
		{7F7B2826-55CA-444F-A996-48D0575DC1BD}.Release Singlethreaded|Win32.ActiveCfg = Release Singlethreaded|x86
		{7F7B2826-55CA-444F-A996-48D0575DC1BD}.Release Singlethreaded|Win32.Build.0 = Release Singlethreaded|x86
		{7F7B2826-55CA-444F-A996-48D0575DC1BD}.Release Singlethreaded|Win32.Deploy.0 = Release Singlethreaded|x86
		{7F7B2826-55CA-444F-A996-48D0575DC1BD}.Release Singlethreaded|x64.ActiveCfg = Release Singlethreaded|Any CPU
		{7F7B2826-55CA-444F-A996-48D0575DC1BD}.Release|ARM.ActiveCfg = Release|ARM
		{7F7B2826-55CA-444F-A996-48D0575DC1BD}.Release|ARM.Build.0 = Release|ARM
		{7F7B2826-55CA-444F-A996-48D0575DC1BD}.Release|ARM.Deploy.0 = Release|ARM
		{7F7B2826-55CA-444F-A996-48D0575DC1BD}.Release|Win32.ActiveCfg = Release|x86
		{7F7B2826-55CA-444F-A996-48D0575DC1BD}.Release|Win32.Build.0 = Release|x86
		{7F7B2826-55CA-444F-A996-48D0575DC1BD}.Release|Win32.Deploy.0 = Release|x86
		{7F7B2826-55CA-444F-A996-48D0575DC1BD}.Release|x64.ActiveCfg = Release|Any CPU
		{7F7B2826-55CA-444F-A996-48D0575DC1BD}.Template|ARM.ActiveCfg = Release Library|ARM
		{7F7B2826-55CA-444F-A996-48D0575DC1BD}.Template|ARM.Build.0 = Release Library|ARM
		{7F7B2826-55CA-444F-A996-48D0575DC1BD}.Template|ARM.Deploy.0 = Release Library|ARM
		{7F7B2826-55CA-444F-A996-48D0575DC1BD}.Template|Win32.ActiveCfg = Release Library|x86
		{7F7B2826-55CA-444F-A996-48D0575DC1BD}.Template|Win32.Build.0 = Release Library|x86
		{7F7B2826-55CA-444F-A996-48D0575DC1BD}.Template|Win32.Deploy.0 = Release Library|x86
		{7F7B2826-55CA-444F-A996-48D0575DC1BD}.Template|x64.ActiveCfg = Release Library|Any CPU
		{52659196-3582-458D-AA2A-EE0DB201F908}.Debug Library|ARM.ActiveCfg = Debug|ARM
		{52659196-3582-458D-AA2A-EE0DB201F908}.Debug Library|ARM.Build.0 = Debug|ARM
		{52659196-3582-458D-AA2A-EE0DB201F908}.Debug Library|Win32.ActiveCfg = Debug|x86
		{52659196-3582-458D-AA2A-EE0DB201F908}.Debug Library|Win32.Build.0 = Debug|x86
		{52659196-3582-458D-AA2A-EE0DB201F908}.Debug Library|x64.ActiveCfg = Debug|Any CPU
		{52659196-3582-458D-AA2A-EE0DB201F908}.Debug Multithreaded|ARM.ActiveCfg = Debug|ARM
		{52659196-3582-458D-AA2A-EE0DB201F908}.Debug Multithreaded|ARM.Build.0 = Debug|ARM
		{52659196-3582-458D-AA2A-EE0DB201F908}.Debug Multithreaded|Win32.ActiveCfg = Debug|x86
		{52659196-3582-458D-AA2A-EE0DB201F908}.Debug Multithreaded|Win32.Build.0 = Debug|x86
		{52659196-3582-458D-AA2A-EE0DB201F908}.Debug Multithreaded|x64.ActiveCfg = Debug|Any CPU
		{52659196-3582-458D-AA2A-EE0DB201F908}.Debug Singlethreaded|ARM.ActiveCfg = Debug|ARM
		{52659196-3582-458D-AA2A-EE0DB201F908}.Debug Singlethreaded|ARM.Build.0 = Debug|ARM
		{52659196-3582-458D-AA2A-EE0DB201F908}.Debug Singlethreaded|Win32.ActiveCfg = Debug|x86
		{52659196-3582-458D-AA2A-EE0DB201F908}.Debug Singlethreaded|Win32.Build.0 = Debug|x86
		{52659196-3582-458D-AA2A-EE0DB201F908}.Debug Singlethreaded|x64.ActiveCfg = Debug|Any CPU
		{52659196-3582-458D-AA2A-EE0DB201F908}.Debug|ARM.ActiveCfg = Debug|ARM
		{52659196-3582-458D-AA2A-EE0DB201F908}.Debug|ARM.Build.0 = Debug|ARM
		{52659196-3582-458D-AA2A-EE0DB201F908}.Debug|Win32.ActiveCfg = Debug|x86
		{52659196-3582-458D-AA2A-EE0DB201F908}.Debug|Win32.Build.0 = Debug|x86
		{52659196-3582-458D-AA2A-EE0DB201F908}.Debug|x64.ActiveCfg = Debug|Any CPU
		{52659196-3582-458D-AA2A-EE0DB201F908}.Release Library|ARM.ActiveCfg = Release|ARM
		{52659196-3582-458D-AA2A-EE0DB201F908}.Release Library|ARM.Build.0 = Release|ARM
		{52659196-3582-458D-AA2A-EE0DB201F908}.Release Library|Win32.ActiveCfg = Release|x86
		{52659196-3582-458D-AA2A-EE0DB201F908}.Release Library|Win32.Build.0 = Release|x86
		{52659196-3582-458D-AA2A-EE0DB201F908}.Release Library|x64.ActiveCfg = Release|Any CPU
		{52659196-3582-458D-AA2A-EE0DB201F908}.Release Multithreaded|ARM.ActiveCfg = Release|ARM
		{52659196-3582-458D-AA2A-EE0DB201F908}.Release Multithreaded|ARM.Build.0 = Release|ARM
		{52659196-3582-458D-AA2A-EE0DB201F908}.Release Multithreaded|Win32.ActiveCfg = Release|x86
		{52659196-3582-458D-AA2A-EE0DB201F908}.Release Multithreaded|Win32.Build.0 = Release|x86
		{52659196-3582-458D-AA2A-EE0DB201F908}.Release Multithreaded|x64.ActiveCfg = Release|Any CPU
		{52659196-3582-458D-AA2A-EE0DB201F908}.Release Singlethreaded|ARM.ActiveCfg = Release|ARM
		{52659196-3582-458D-AA2A-EE0DB201F908}.Release Singlethreaded|ARM.Build.0 = Release|ARM
		{52659196-3582-458D-AA2A-EE0DB201F908}.Release Singlethreaded|Win32.ActiveCfg = Release|x86
		{52659196-3582-458D-AA2A-EE0DB201F908}.Release Singlethreaded|Win32.Build.0 = Release|x86
		{52659196-3582-458D-AA2A-EE0DB201F908}.Release Singlethreaded|x64.ActiveCfg = Release|Any CPU
		{52659196-3582-458D-AA2A-EE0DB201F908}.Release|ARM.ActiveCfg = Release|ARM
		{52659196-3582-458D-AA2A-EE0DB201F908}.Release|ARM.Build.0 = Release|ARM
		{52659196-3582-458D-AA2A-EE0DB201F908}.Release|Win32.ActiveCfg = Release|x86
		{52659196-3582-458D-AA2A-EE0DB201F908}.Release|Win32.Build.0 = Release|x86
		{52659196-3582-458D-AA2A-EE0DB201F908}.Release|x64.ActiveCfg = Release|Any CPU
		{52659196-3582-458D-AA2A-EE0DB201F908}.Template|ARM.ActiveCfg = Release|ARM
		{52659196-3582-458D-AA2A-EE0DB201F908}.Template|ARM.Build.0 = Release|ARM
		{52659196-3582-458D-AA2A-EE0DB201F908}.Template|Win32.ActiveCfg = Release|x86
		{52659196-3582-458D-AA2A-EE0DB201F908}.Template|Win32.Build.0 = Release|x86
		{52659196-3582-458D-AA2A-EE0DB201F908}.Template|x64.ActiveCfg = Release|Any CPU
		{B2709556-3C90-4BCD-83BF-F0F749744E65}.Debug Library|ARM.ActiveCfg = Debug|ARM
		{B2709556-3C90-4BCD-83BF-F0F749744E65}.Debug Library|ARM.Build.0 = Debug|ARM
		{B2709556-3C90-4BCD-83BF-F0F749744E65}.Debug Library|Win32.ActiveCfg = Debug|x86
		{B2709556-3C90-4BCD-83BF-F0F749744E65}.Debug Library|Win32.Build.0 = Debug|x86
		{B2709556-3C90-4BCD-83BF-F0F749744E65}.Debug Library|x64.ActiveCfg = Debug|Any CPU
		{B2709556-3C90-4BCD-83BF-F0F749744E65}.Debug Multithreaded|ARM.ActiveCfg = Debug|ARM
		{B2709556-3C90-4BCD-83BF-F0F749744E65}.Debug Multithreaded|ARM.Build.0 = Debug|ARM
		{B2709556-3C90-4BCD-83BF-F0F749744E65}.Debug Multithreaded|Win32.ActiveCfg = Debug|x86
		{B2709556-3C90-4BCD-83BF-F0F749744E65}.Debug Multithreaded|Win32.Build.0 = Debug|x86
		{B2709556-3C90-4BCD-83BF-F0F749744E65}.Debug Multithreaded|x64.ActiveCfg = Debug|Any CPU
		{B2709556-3C90-4BCD-83BF-F0F749744E65}.Debug Singlethreaded|ARM.ActiveCfg = Debug|ARM
		{B2709556-3C90-4BCD-83BF-F0F749744E65}.Debug Singlethreaded|ARM.Build.0 = Debug|ARM
		{B2709556-3C90-4BCD-83BF-F0F749744E65}.Debug Singlethreaded|Win32.ActiveCfg = Debug|x86
		{B2709556-3C90-4BCD-83BF-F0F749744E65}.Debug Singlethreaded|Win32.Build.0 = Debug|x86
		{B2709556-3C90-4BCD-83BF-F0F749744E65}.Debug Singlethreaded|x64.ActiveCfg = Debug|Any CPU
		{B2709556-3C90-4BCD-83BF-F0F749744E65}.Debug|ARM.ActiveCfg = Debug|ARM
		{B2709556-3C90-4BCD-83BF-F0F749744E65}.Debug|ARM.Build.0 = Debug|ARM
		{B2709556-3C90-4BCD-83BF-F0F749744E65}.Debug|Win32.ActiveCfg = Debug|x86
		{B2709556-3C90-4BCD-83BF-F0F749744E65}.Debug|Win32.Build.0 = Debug|x86
		{B2709556-3C90-4BCD-83BF-F0F749744E65}.Debug|x64.ActiveCfg = Debug|Any CPU
		{B2709556-3C90-4BCD-83BF-F0F749744E65}.Release Library|ARM.ActiveCfg = Release|ARM
		{B2709556-3C90-4BCD-83BF-F0F749744E65}.Release Library|ARM.Build.0 = Release|ARM
		{B2709556-3C90-4BCD-83BF-F0F749744E65}.Release Library|Win32.ActiveCfg = Release|x86
		{B2709556-3C90-4BCD-83BF-F0F749744E65}.Release Library|Win32.Build.0 = Release|x86
		{B2709556-3C90-4BCD-83BF-F0F749744E65}.Release Library|x64.ActiveCfg = Release|Any CPU
		{B2709556-3C90-4BCD-83BF-F0F749744E65}.Release Multithreaded|ARM.ActiveCfg = Release|ARM
		{B2709556-3C90-4BCD-83BF-F0F749744E65}.Release Multithreaded|ARM.Build.0 = Release|ARM
		{B2709556-3C90-4BCD-83BF-F0F749744E65}.Release Multithreaded|Win32.ActiveCfg = Release|x86
		{B2709556-3C90-4BCD-83BF-F0F749744E65}.Release Multithreaded|Win32.Build.0 = Release|x86
		{B2709556-3C90-4BCD-83BF-F0F749744E65}.Release Multithreaded|x64.ActiveCfg = Release|Any CPU
		{B2709556-3C90-4BCD-83BF-F0F749744E65}.Release Singlethreaded|ARM.ActiveCfg = Release|ARM
		{B2709556-3C90-4BCD-83BF-F0F749744E65}.Release Singlethreaded|ARM.Build.0 = Release|ARM
		{B2709556-3C90-4BCD-83BF-F0F749744E65}.Release Singlethreaded|Win32.ActiveCfg = Release|x86
		{B2709556-3C90-4BCD-83BF-F0F749744E65}.Release Singlethreaded|Win32.Build.0 = Release|x86
		{B2709556-3C90-4BCD-83BF-F0F749744E65}.Release Singlethreaded|x64.ActiveCfg = Release|Any CPU
		{B2709556-3C90-4BCD-83BF-F0F749744E65}.Release|ARM.ActiveCfg = Release|ARM
		{B2709556-3C90-4BCD-83BF-F0F749744E65}.Release|ARM.Build.0 = Release|ARM
		{B2709556-3C90-4BCD-83BF-F0F749744E65}.Release|Win32.ActiveCfg = Release|x86
		{B2709556-3C90-4BCD-83BF-F0F749744E65}.Release|Win32.Build.0 = Release|x86
		{B2709556-3C90-4BCD-83BF-F0F749744E65}.Release|x64.ActiveCfg = Release|Any CPU
		{B2709556-3C90-4BCD-83BF-F0F749744E65}.Template|ARM.ActiveCfg = Release|ARM
		{B2709556-3C90-4BCD-83BF-F0F749744E65}.Template|ARM.Build.0 = Release|ARM
		{B2709556-3C90-4BCD-83BF-F0F749744E65}.Template|Win32.ActiveCfg = Release|x86
		{B2709556-3C90-4BCD-83BF-F0F749744E65}.Template|Win32.Build.0 = Release|x86
		{B2709556-3C90-4BCD-83BF-F0F749744E65}.Template|x64.ActiveCfg = Release|Any CPU
		{4CE737C8-6D88-4C09-A56F-D21F6602DFB1}.Debug Library|ARM.ActiveCfg = Debug|ARM
		{4CE737C8-6D88-4C09-A56F-D21F6602DFB1}.Debug Library|ARM.Build.0 = Debug|ARM
		{4CE737C8-6D88-4C09-A56F-D21F6602DFB1}.Debug Library|Win32.ActiveCfg = Debug|Win32
		{4CE737C8-6D88-4C09-A56F-D21F6602DFB1}.Debug Library|Win32.Build.0 = Debug|Win32
		{4CE737C8-6D88-4C09-A56F-D21F6602DFB1}.Debug Library|x64.ActiveCfg = Debug|Win32
		{4CE737C8-6D88-4C09-A56F-D21F6602DFB1}.Debug Multithreaded|ARM.ActiveCfg = Debug|ARM
		{4CE737C8-6D88-4C09-A56F-D21F6602DFB1}.Debug Multithreaded|ARM.Build.0 = Debug|ARM
		{4CE737C8-6D88-4C09-A56F-D21F6602DFB1}.Debug Multithreaded|Win32.ActiveCfg = Debug|Win32
		{4CE737C8-6D88-4C09-A56F-D21F6602DFB1}.Debug Multithreaded|Win32.Build.0 = Debug|Win32
		{4CE737C8-6D88-4C09-A56F-D21F6602DFB1}.Debug Multithreaded|x64.ActiveCfg = Debug|Win32
		{4CE737C8-6D88-4C09-A56F-D21F6602DFB1}.Debug Singlethreaded|ARM.ActiveCfg = Debug|ARM
		{4CE737C8-6D88-4C09-A56F-D21F6602DFB1}.Debug Singlethreaded|ARM.Build.0 = Debug|ARM
		{4CE737C8-6D88-4C09-A56F-D21F6602DFB1}.Debug Singlethreaded|Win32.ActiveCfg = Debug|Win32
		{4CE737C8-6D88-4C09-A56F-D21F6602DFB1}.Debug Singlethreaded|Win32.Build.0 = Debug|Win32
		{4CE737C8-6D88-4C09-A56F-D21F6602DFB1}.Debug Singlethreaded|x64.ActiveCfg = Debug|Win32
		{4CE737C8-6D88-4C09-A56F-D21F6602DFB1}.Debug|ARM.ActiveCfg = Debug|ARM
		{4CE737C8-6D88-4C09-A56F-D21F6602DFB1}.Debug|Win32.ActiveCfg = Debug|Win32
		{4CE737C8-6D88-4C09-A56F-D21F6602DFB1}.Debug|Win32.Build.0 = Debug|Win32
		{4CE737C8-6D88-4C09-A56F-D21F6602DFB1}.Debug|x64.ActiveCfg = Debug|Win32
		{4CE737C8-6D88-4C09-A56F-D21F6602DFB1}.Release Library|ARM.ActiveCfg = Release|ARM
		{4CE737C8-6D88-4C09-A56F-D21F6602DFB1}.Release Library|ARM.Build.0 = Release|ARM
		{4CE737C8-6D88-4C09-A56F-D21F6602DFB1}.Release Library|Win32.ActiveCfg = Release|Win32
		{4CE737C8-6D88-4C09-A56F-D21F6602DFB1}.Release Library|Win32.Build.0 = Release|Win32
		{4CE737C8-6D88-4C09-A56F-D21F6602DFB1}.Release Library|x64.ActiveCfg = Release|Win32
		{4CE737C8-6D88-4C09-A56F-D21F6602DFB1}.Release Multithreaded|ARM.ActiveCfg = Release|ARM
		{4CE737C8-6D88-4C09-A56F-D21F6602DFB1}.Release Multithreaded|ARM.Build.0 = Release|ARM
		{4CE737C8-6D88-4C09-A56F-D21F6602DFB1}.Release Multithreaded|Win32.ActiveCfg = Release|Win32
		{4CE737C8-6D88-4C09-A56F-D21F6602DFB1}.Release Multithreaded|Win32.Build.0 = Release|Win32
		{4CE737C8-6D88-4C09-A56F-D21F6602DFB1}.Release Multithreaded|x64.ActiveCfg = Release|Win32
		{4CE737C8-6D88-4C09-A56F-D21F6602DFB1}.Release Singlethreaded|ARM.ActiveCfg = Release|ARM
		{4CE737C8-6D88-4C09-A56F-D21F6602DFB1}.Release Singlethreaded|ARM.Build.0 = Release|ARM
		{4CE737C8-6D88-4C09-A56F-D21F6602DFB1}.Release Singlethreaded|Win32.ActiveCfg = Release|Win32
		{4CE737C8-6D88-4C09-A56F-D21F6602DFB1}.Release Singlethreaded|Win32.Build.0 = Release|Win32
		{4CE737C8-6D88-4C09-A56F-D21F6602DFB1}.Release Singlethreaded|x64.ActiveCfg = Release|Win32
		{4CE737C8-6D88-4C09-A56F-D21F6602DFB1}.Release|ARM.ActiveCfg = Release|ARM
		{4CE737C8-6D88-4C09-A56F-D21F6602DFB1}.Release|ARM.Build.0 = Release|ARM
		{4CE737C8-6D88-4C09-A56F-D21F6602DFB1}.Release|Win32.ActiveCfg = Release|Win32
		{4CE737C8-6D88-4C09-A56F-D21F6602DFB1}.Release|Win32.Build.0 = Release|Win32
		{4CE737C8-6D88-4C09-A56F-D21F6602DFB1}.Release|x64.ActiveCfg = Release|Win32
		{4CE737C8-6D88-4C09-A56F-D21F6602DFB1}.Template|ARM.ActiveCfg = Release|ARM
		{4CE737C8-6D88-4C09-A56F-D21F6602DFB1}.Template|ARM.Build.0 = Release|ARM
		{4CE737C8-6D88-4C09-A56F-D21F6602DFB1}.Template|Win32.ActiveCfg = Release|Win32
		{4CE737C8-6D88-4C09-A56F-D21F6602DFB1}.Template|Win32.Build.0 = Release|Win32
		{4CE737C8-6D88-4C09-A56F-D21F6602DFB1}.Template|x64.ActiveCfg = Release|Win32
		{23BDCCD2-4E53-4345-8C18-5913C55E81BA}.Debug Library|ARM.ActiveCfg = Debug|ARM
		{23BDCCD2-4E53-4345-8C18-5913C55E81BA}.Debug Library|ARM.Build.0 = Debug|ARM
		{23BDCCD2-4E53-4345-8C18-5913C55E81BA}.Debug Library|Win32.ActiveCfg = Debug|Win32
		{23BDCCD2-4E53-4345-8C18-5913C55E81BA}.Debug Library|Win32.Build.0 = Debug|Win32
		{23BDCCD2-4E53-4345-8C18-5913C55E81BA}.Debug Library|x64.ActiveCfg = Debug|Win32
		{23BDCCD2-4E53-4345-8C18-5913C55E81BA}.Debug Multithreaded|ARM.ActiveCfg = Debug|ARM
		{23BDCCD2-4E53-4345-8C18-5913C55E81BA}.Debug Multithreaded|ARM.Build.0 = Debug|ARM
		{23BDCCD2-4E53-4345-8C18-5913C55E81BA}.Debug Multithreaded|Win32.ActiveCfg = Debug|Win32
		{23BDCCD2-4E53-4345-8C18-5913C55E81BA}.Debug Multithreaded|Win32.Build.0 = Debug|Win32
		{23BDCCD2-4E53-4345-8C18-5913C55E81BA}.Debug Multithreaded|x64.ActiveCfg = Debug|Win32
		{23BDCCD2-4E53-4345-8C18-5913C55E81BA}.Debug Singlethreaded|ARM.ActiveCfg = Debug|ARM
		{23BDCCD2-4E53-4345-8C18-5913C55E81BA}.Debug Singlethreaded|ARM.Build.0 = Debug|ARM
		{23BDCCD2-4E53-4345-8C18-5913C55E81BA}.Debug Singlethreaded|Win32.ActiveCfg = Debug|Win32
		{23BDCCD2-4E53-4345-8C18-5913C55E81BA}.Debug Singlethreaded|Win32.Build.0 = Debug|Win32
		{23BDCCD2-4E53-4345-8C18-5913C55E81BA}.Debug Singlethreaded|x64.ActiveCfg = Debug|Win32
		{23BDCCD2-4E53-4345-8C18-5913C55E81BA}.Debug|ARM.ActiveCfg = Debug|ARM
		{23BDCCD2-4E53-4345-8C18-5913C55E81BA}.Debug|Win32.ActiveCfg = Debug|Win32
		{23BDCCD2-4E53-4345-8C18-5913C55E81BA}.Debug|Win32.Build.0 = Debug|Win32
		{23BDCCD2-4E53-4345-8C18-5913C55E81BA}.Debug|x64.ActiveCfg = Debug|Win32
		{23BDCCD2-4E53-4345-8C18-5913C55E81BA}.Release Library|ARM.ActiveCfg = Release|ARM
		{23BDCCD2-4E53-4345-8C18-5913C55E81BA}.Release Library|ARM.Build.0 = Release|ARM
		{23BDCCD2-4E53-4345-8C18-5913C55E81BA}.Release Library|Win32.ActiveCfg = Release|Win32
		{23BDCCD2-4E53-4345-8C18-5913C55E81BA}.Release Library|Win32.Build.0 = Release|Win32
		{23BDCCD2-4E53-4345-8C18-5913C55E81BA}.Release Library|x64.ActiveCfg = Release|Win32
		{23BDCCD2-4E53-4345-8C18-5913C55E81BA}.Release Multithreaded|ARM.ActiveCfg = Release|ARM
		{23BDCCD2-4E53-4345-8C18-5913C55E81BA}.Release Multithreaded|ARM.Build.0 = Release|ARM
		{23BDCCD2-4E53-4345-8C18-5913C55E81BA}.Release Multithreaded|Win32.ActiveCfg = Release|Win32
		{23BDCCD2-4E53-4345-8C18-5913C55E81BA}.Release Multithreaded|Win32.Build.0 = Release|Win32
		{23BDCCD2-4E53-4345-8C18-5913C55E81BA}.Release Multithreaded|x64.ActiveCfg = Release|Win32
		{23BDCCD2-4E53-4345-8C18-5913C55E81BA}.Release Singlethreaded|ARM.ActiveCfg = Release|ARM
		{23BDCCD2-4E53-4345-8C18-5913C55E81BA}.Release Singlethreaded|ARM.Build.0 = Release|ARM
		{23BDCCD2-4E53-4345-8C18-5913C55E81BA}.Release Singlethreaded|Win32.ActiveCfg = Release|Win32
		{23BDCCD2-4E53-4345-8C18-5913C55E81BA}.Release Singlethreaded|Win32.Build.0 = Release|Win32
		{23BDCCD2-4E53-4345-8C18-5913C55E81BA}.Release Singlethreaded|x64.ActiveCfg = Release|Win32
		{23BDCCD2-4E53-4345-8C18-5913C55E81BA}.Release|ARM.ActiveCfg = Release|ARM
		{23BDCCD2-4E53-4345-8C18-5913C55E81BA}.Release|ARM.Build.0 = Release|ARM
		{23BDCCD2-4E53-4345-8C18-5913C55E81BA}.Release|Win32.ActiveCfg = Release|Win32
		{23BDCCD2-4E53-4345-8C18-5913C55E81BA}.Release|Win32.Build.0 = Release|Win32
		{23BDCCD2-4E53-4345-8C18-5913C55E81BA}.Release|x64.ActiveCfg = Release|Win32
		{23BDCCD2-4E53-4345-8C18-5913C55E81BA}.Template|ARM.ActiveCfg = Release|ARM
		{23BDCCD2-4E53-4345-8C18-5913C55E81BA}.Template|ARM.Build.0 = Release|ARM
		{23BDCCD2-4E53-4345-8C18-5913C55E81BA}.Template|Win32.ActiveCfg = Release|Win32
		{23BDCCD2-4E53-4345-8C18-5913C55E81BA}.Template|Win32.Build.0 = Release|Win32
		{23BDCCD2-4E53-4345-8C18-5913C55E81BA}.Template|x64.ActiveCfg = Release|Win32
		{78B079BD-9FC7-4B9E-B4A6-96DA0F00248B}.Debug Library|ARM.ActiveCfg = Debug Singlethreaded|ARM
		{78B079BD-9FC7-4B9E-B4A6-96DA0F00248B}.Debug Library|ARM.Build.0 = Debug Singlethreaded|ARM
		{78B079BD-9FC7-4B9E-B4A6-96DA0F00248B}.Debug Library|Win32.ActiveCfg = Debug Singlethreaded|Win32
		{78B079BD-9FC7-4B9E-B4A6-96DA0F00248B}.Debug Library|Win32.Build.0 = Debug Singlethreaded|Win32
		{78B079BD-9FC7-4B9E-B4A6-96DA0F00248B}.Debug Library|x64.ActiveCfg = Debug Singlethreaded|Win32
		{78B079BD-9FC7-4B9E-B4A6-96DA0F00248B}.Debug Multithreaded|ARM.ActiveCfg = Debug Multithreaded|ARM
		{78B079BD-9FC7-4B9E-B4A6-96DA0F00248B}.Debug Multithreaded|Win32.ActiveCfg = Debug Multithreaded|Win32
		{78B079BD-9FC7-4B9E-B4A6-96DA0F00248B}.Debug Multithreaded|Win32.Build.0 = Debug Multithreaded|Win32
		{78B079BD-9FC7-4B9E-B4A6-96DA0F00248B}.Debug Multithreaded|x64.ActiveCfg = Debug Multithreaded|Win32
		{78B079BD-9FC7-4B9E-B4A6-96DA0F00248B}.Debug Singlethreaded|ARM.ActiveCfg = Debug Singlethreaded|ARM
		{78B079BD-9FC7-4B9E-B4A6-96DA0F00248B}.Debug Singlethreaded|Win32.ActiveCfg = Debug Singlethreaded|Win32
		{78B079BD-9FC7-4B9E-B4A6-96DA0F00248B}.Debug Singlethreaded|Win32.Build.0 = Debug Singlethreaded|Win32
		{78B079BD-9FC7-4B9E-B4A6-96DA0F00248B}.Debug Singlethreaded|x64.ActiveCfg = Debug Singlethreaded|Win32
		{78B079BD-9FC7-4B9E-B4A6-96DA0F00248B}.Debug|ARM.ActiveCfg = Debug|ARM
		{78B079BD-9FC7-4B9E-B4A6-96DA0F00248B}.Debug|Win32.ActiveCfg = Debug|Win32
		{78B079BD-9FC7-4B9E-B4A6-96DA0F00248B}.Debug|Win32.Build.0 = Debug|Win32
		{78B079BD-9FC7-4B9E-B4A6-96DA0F00248B}.Debug|x64.ActiveCfg = Debug|Win32
		{78B079BD-9FC7-4B9E-B4A6-96DA0F00248B}.Release Library|ARM.ActiveCfg = Release Singlethreaded|ARM
		{78B079BD-9FC7-4B9E-B4A6-96DA0F00248B}.Release Library|ARM.Build.0 = Release Singlethreaded|ARM
		{78B079BD-9FC7-4B9E-B4A6-96DA0F00248B}.Release Library|Win32.ActiveCfg = Release Singlethreaded|Win32
		{78B079BD-9FC7-4B9E-B4A6-96DA0F00248B}.Release Library|Win32.Build.0 = Release Singlethreaded|Win32
		{78B079BD-9FC7-4B9E-B4A6-96DA0F00248B}.Release Library|x64.ActiveCfg = Release Singlethreaded|Win32
		{78B079BD-9FC7-4B9E-B4A6-96DA0F00248B}.Release Multithreaded|ARM.ActiveCfg = Release Multithreaded|ARM
		{78B079BD-9FC7-4B9E-B4A6-96DA0F00248B}.Release Multithreaded|Win32.ActiveCfg = Release Multithreaded|Win32
		{78B079BD-9FC7-4B9E-B4A6-96DA0F00248B}.Release Multithreaded|Win32.Build.0 = Release Multithreaded|Win32
		{78B079BD-9FC7-4B9E-B4A6-96DA0F00248B}.Release Multithreaded|x64.ActiveCfg = Release Multithreaded|Win32
		{78B079BD-9FC7-4B9E-B4A6-96DA0F00248B}.Release Singlethreaded|ARM.ActiveCfg = Release Singlethreaded|ARM
		{78B079BD-9FC7-4B9E-B4A6-96DA0F00248B}.Release Singlethreaded|Win32.ActiveCfg = Release Singlethreaded|Win32
		{78B079BD-9FC7-4B9E-B4A6-96DA0F00248B}.Release Singlethreaded|Win32.Build.0 = Release Singlethreaded|Win32
		{78B079BD-9FC7-4B9E-B4A6-96DA0F00248B}.Release Singlethreaded|x64.ActiveCfg = Release Singlethreaded|Win32
		{78B079BD-9FC7-4B9E-B4A6-96DA0F00248B}.Release|ARM.ActiveCfg = Release|ARM
		{78B079BD-9FC7-4B9E-B4A6-96DA0F00248B}.Release|ARM.Build.0 = Release|ARM
		{78B079BD-9FC7-4B9E-B4A6-96DA0F00248B}.Release|Win32.ActiveCfg = Release|Win32
		{78B079BD-9FC7-4B9E-B4A6-96DA0F00248B}.Release|Win32.Build.0 = Release|Win32
		{78B079BD-9FC7-4B9E-B4A6-96DA0F00248B}.Release|x64.ActiveCfg = Release|Win32
		{78B079BD-9FC7-4B9E-B4A6-96DA0F00248B}.Template|ARM.ActiveCfg = Release|ARM
		{78B079BD-9FC7-4B9E-B4A6-96DA0F00248B}.Template|ARM.Build.0 = Release|ARM
		{78B079BD-9FC7-4B9E-B4A6-96DA0F00248B}.Template|Win32.ActiveCfg = Release|Win32
		{78B079BD-9FC7-4B9E-B4A6-96DA0F00248B}.Template|Win32.Build.0 = Release|Win32
		{78B079BD-9FC7-4B9E-B4A6-96DA0F00248B}.Template|x64.ActiveCfg = Release|Win32
		{F7E944B3-0815-40CD-B3E4-90B2A15B0E33}.Debug Library|ARM.ActiveCfg = Debug|ARM
		{F7E944B3-0815-40CD-B3E4-90B2A15B0E33}.Debug Library|ARM.Build.0 = Debug|ARM
		{F7E944B3-0815-40CD-B3E4-90B2A15B0E33}.Debug Library|Win32.ActiveCfg = Debug|Win32
		{F7E944B3-0815-40CD-B3E4-90B2A15B0E33}.Debug Library|Win32.Build.0 = Debug|Win32
		{F7E944B3-0815-40CD-B3E4-90B2A15B0E33}.Debug Library|x64.ActiveCfg = Debug|x64
		{F7E944B3-0815-40CD-B3E4-90B2A15B0E33}.Debug Library|x64.Build.0 = Debug|x64
		{F7E944B3-0815-40CD-B3E4-90B2A15B0E33}.Debug Multithreaded|ARM.ActiveCfg = Debug|ARM
		{F7E944B3-0815-40CD-B3E4-90B2A15B0E33}.Debug Multithreaded|ARM.Build.0 = Debug|ARM
		{F7E944B3-0815-40CD-B3E4-90B2A15B0E33}.Debug Multithreaded|Win32.ActiveCfg = Debug|Win32
		{F7E944B3-0815-40CD-B3E4-90B2A15B0E33}.Debug Multithreaded|Win32.Build.0 = Debug|Win32
		{F7E944B3-0815-40CD-B3E4-90B2A15B0E33}.Debug Multithreaded|x64.ActiveCfg = Debug|x64
		{F7E944B3-0815-40CD-B3E4-90B2A15B0E33}.Debug Multithreaded|x64.Build.0 = Debug|x64
		{F7E944B3-0815-40CD-B3E4-90B2A15B0E33}.Debug Singlethreaded|ARM.ActiveCfg = Debug|ARM
		{F7E944B3-0815-40CD-B3E4-90B2A15B0E33}.Debug Singlethreaded|ARM.Build.0 = Debug|ARM
		{F7E944B3-0815-40CD-B3E4-90B2A15B0E33}.Debug Singlethreaded|Win32.ActiveCfg = Debug|Win32
		{F7E944B3-0815-40CD-B3E4-90B2A15B0E33}.Debug Singlethreaded|Win32.Build.0 = Debug|Win32
		{F7E944B3-0815-40CD-B3E4-90B2A15B0E33}.Debug Singlethreaded|x64.ActiveCfg = Debug|x64
		{F7E944B3-0815-40CD-B3E4-90B2A15B0E33}.Debug Singlethreaded|x64.Build.0 = Debug|x64
		{F7E944B3-0815-40CD-B3E4-90B2A15B0E33}.Debug|ARM.ActiveCfg = Debug|ARM
		{F7E944B3-0815-40CD-B3E4-90B2A15B0E33}.Debug|Win32.ActiveCfg = Debug|Win32
		{F7E944B3-0815-40CD-B3E4-90B2A15B0E33}.Debug|Win32.Build.0 = Debug|Win32
		{F7E944B3-0815-40CD-B3E4-90B2A15B0E33}.Debug|x64.ActiveCfg = Debug|x64
		{F7E944B3-0815-40CD-B3E4-90B2A15B0E33}.Debug|x64.Build.0 = Debug|x64
		{F7E944B3-0815-40CD-B3E4-90B2A15B0E33}.Release Library|ARM.ActiveCfg = Release|ARM
		{F7E944B3-0815-40CD-B3E4-90B2A15B0E33}.Release Library|ARM.Build.0 = Release|ARM
		{F7E944B3-0815-40CD-B3E4-90B2A15B0E33}.Release Library|Win32.ActiveCfg = Release|Win32
		{F7E944B3-0815-40CD-B3E4-90B2A15B0E33}.Release Library|Win32.Build.0 = Release|Win32
		{F7E944B3-0815-40CD-B3E4-90B2A15B0E33}.Release Library|x64.ActiveCfg = Release|x64
		{F7E944B3-0815-40CD-B3E4-90B2A15B0E33}.Release Library|x64.Build.0 = Release|x64
		{F7E944B3-0815-40CD-B3E4-90B2A15B0E33}.Release Multithreaded|ARM.ActiveCfg = Release|ARM
		{F7E944B3-0815-40CD-B3E4-90B2A15B0E33}.Release Multithreaded|ARM.Build.0 = Release|ARM
		{F7E944B3-0815-40CD-B3E4-90B2A15B0E33}.Release Multithreaded|Win32.ActiveCfg = Release|Win32
		{F7E944B3-0815-40CD-B3E4-90B2A15B0E33}.Release Multithreaded|Win32.Build.0 = Release|Win32
		{F7E944B3-0815-40CD-B3E4-90B2A15B0E33}.Release Multithreaded|x64.ActiveCfg = Release|x64
		{F7E944B3-0815-40CD-B3E4-90B2A15B0E33}.Release Multithreaded|x64.Build.0 = Release|x64
		{F7E944B3-0815-40CD-B3E4-90B2A15B0E33}.Release Singlethreaded|ARM.ActiveCfg = Release|ARM
		{F7E944B3-0815-40CD-B3E4-90B2A15B0E33}.Release Singlethreaded|ARM.Build.0 = Release|ARM
		{F7E944B3-0815-40CD-B3E4-90B2A15B0E33}.Release Singlethreaded|Win32.ActiveCfg = Release|Win32
		{F7E944B3-0815-40CD-B3E4-90B2A15B0E33}.Release Singlethreaded|Win32.Build.0 = Release|Win32
		{F7E944B3-0815-40CD-B3E4-90B2A15B0E33}.Release Singlethreaded|x64.ActiveCfg = Release|x64
		{F7E944B3-0815-40CD-B3E4-90B2A15B0E33}.Release Singlethreaded|x64.Build.0 = Release|x64
		{F7E944B3-0815-40CD-B3E4-90B2A15B0E33}.Release|ARM.ActiveCfg = Release|ARM
		{F7E944B3-0815-40CD-B3E4-90B2A15B0E33}.Release|ARM.Build.0 = Release|ARM
		{F7E944B3-0815-40CD-B3E4-90B2A15B0E33}.Release|Win32.ActiveCfg = Release|Win32
		{F7E944B3-0815-40CD-B3E4-90B2A15B0E33}.Release|Win32.Build.0 = Release|Win32
		{F7E944B3-0815-40CD-B3E4-90B2A15B0E33}.Release|x64.ActiveCfg = Release|x64
		{F7E944B3-0815-40CD-B3E4-90B2A15B0E33}.Release|x64.Build.0 = Release|x64
		{F7E944B3-0815-40CD-B3E4-90B2A15B0E33}.Template|ARM.ActiveCfg = Release|ARM
		{F7E944B3-0815-40CD-B3E4-90B2A15B0E33}.Template|ARM.Build.0 = Release|ARM
		{F7E944B3-0815-40CD-B3E4-90B2A15B0E33}.Template|Win32.ActiveCfg = Release|Win32
		{F7E944B3-0815-40CD-B3E4-90B2A15B0E33}.Template|Win32.Build.0 = Release|Win32
		{F7E944B3-0815-40CD-B3E4-90B2A15B0E33}.Template|x64.ActiveCfg = Release|x64
		{F7E944B3-0815-40CD-B3E4-90B2A15B0E33}.Template|x64.Build.0 = Release|x64
		{EBDA67CA-4A23-4F22-BFBC-B8DBE0580D4F}.Debug Library|ARM.ActiveCfg = Debug|ARM
		{EBDA67CA-4A23-4F22-BFBC-B8DBE0580D4F}.Debug Library|ARM.Build.0 = Debug|ARM
		{EBDA67CA-4A23-4F22-BFBC-B8DBE0580D4F}.Debug Library|Win32.ActiveCfg = Debug|Win32
		{EBDA67CA-4A23-4F22-BFBC-B8DBE0580D4F}.Debug Library|Win32.Build.0 = Debug|Win32
		{EBDA67CA-4A23-4F22-BFBC-B8DBE0580D4F}.Debug Library|x64.ActiveCfg = Debug|x64
		{EBDA67CA-4A23-4F22-BFBC-B8DBE0580D4F}.Debug Library|x64.Build.0 = Debug|x64
		{EBDA67CA-4A23-4F22-BFBC-B8DBE0580D4F}.Debug Multithreaded|ARM.ActiveCfg = Debug|ARM
		{EBDA67CA-4A23-4F22-BFBC-B8DBE0580D4F}.Debug Multithreaded|ARM.Build.0 = Debug|ARM
		{EBDA67CA-4A23-4F22-BFBC-B8DBE0580D4F}.Debug Multithreaded|Win32.ActiveCfg = Debug|Win32
		{EBDA67CA-4A23-4F22-BFBC-B8DBE0580D4F}.Debug Multithreaded|Win32.Build.0 = Debug|Win32
		{EBDA67CA-4A23-4F22-BFBC-B8DBE0580D4F}.Debug Multithreaded|x64.ActiveCfg = Debug|x64
		{EBDA67CA-4A23-4F22-BFBC-B8DBE0580D4F}.Debug Multithreaded|x64.Build.0 = Debug|x64
		{EBDA67CA-4A23-4F22-BFBC-B8DBE0580D4F}.Debug Singlethreaded|ARM.ActiveCfg = Debug|ARM
		{EBDA67CA-4A23-4F22-BFBC-B8DBE0580D4F}.Debug Singlethreaded|ARM.Build.0 = Debug|ARM
		{EBDA67CA-4A23-4F22-BFBC-B8DBE0580D4F}.Debug Singlethreaded|Win32.ActiveCfg = Debug|Win32
		{EBDA67CA-4A23-4F22-BFBC-B8DBE0580D4F}.Debug Singlethreaded|Win32.Build.0 = Debug|Win32
		{EBDA67CA-4A23-4F22-BFBC-B8DBE0580D4F}.Debug Singlethreaded|x64.ActiveCfg = Debug|x64
		{EBDA67CA-4A23-4F22-BFBC-B8DBE0580D4F}.Debug Singlethreaded|x64.Build.0 = Debug|x64
		{EBDA67CA-4A23-4F22-BFBC-B8DBE0580D4F}.Debug|ARM.ActiveCfg = Debug|ARM
		{EBDA67CA-4A23-4F22-BFBC-B8DBE0580D4F}.Debug|Win32.ActiveCfg = Debug|Win32
		{EBDA67CA-4A23-4F22-BFBC-B8DBE0580D4F}.Debug|Win32.Build.0 = Debug|Win32
		{EBDA67CA-4A23-4F22-BFBC-B8DBE0580D4F}.Debug|x64.ActiveCfg = Debug|x64
		{EBDA67CA-4A23-4F22-BFBC-B8DBE0580D4F}.Debug|x64.Build.0 = Debug|x64
		{EBDA67CA-4A23-4F22-BFBC-B8DBE0580D4F}.Release Library|ARM.ActiveCfg = Release|ARM
		{EBDA67CA-4A23-4F22-BFBC-B8DBE0580D4F}.Release Library|ARM.Build.0 = Release|ARM
		{EBDA67CA-4A23-4F22-BFBC-B8DBE0580D4F}.Release Library|Win32.ActiveCfg = Release|Win32
		{EBDA67CA-4A23-4F22-BFBC-B8DBE0580D4F}.Release Library|Win32.Build.0 = Release|Win32
		{EBDA67CA-4A23-4F22-BFBC-B8DBE0580D4F}.Release Library|x64.ActiveCfg = Release|x64
		{EBDA67CA-4A23-4F22-BFBC-B8DBE0580D4F}.Release Library|x64.Build.0 = Release|x64
		{EBDA67CA-4A23-4F22-BFBC-B8DBE0580D4F}.Release Multithreaded|ARM.ActiveCfg = Release|ARM
		{EBDA67CA-4A23-4F22-BFBC-B8DBE0580D4F}.Release Multithreaded|ARM.Build.0 = Release|ARM
		{EBDA67CA-4A23-4F22-BFBC-B8DBE0580D4F}.Release Multithreaded|Win32.ActiveCfg = Release|Win32
		{EBDA67CA-4A23-4F22-BFBC-B8DBE0580D4F}.Release Multithreaded|Win32.Build.0 = Release|Win32
		{EBDA67CA-4A23-4F22-BFBC-B8DBE0580D4F}.Release Multithreaded|x64.ActiveCfg = Release|x64
		{EBDA67CA-4A23-4F22-BFBC-B8DBE0580D4F}.Release Multithreaded|x64.Build.0 = Release|x64
		{EBDA67CA-4A23-4F22-BFBC-B8DBE0580D4F}.Release Singlethreaded|ARM.ActiveCfg = Release|ARM
		{EBDA67CA-4A23-4F22-BFBC-B8DBE0580D4F}.Release Singlethreaded|ARM.Build.0 = Release|ARM
		{EBDA67CA-4A23-4F22-BFBC-B8DBE0580D4F}.Release Singlethreaded|Win32.ActiveCfg = Release|Win32
		{EBDA67CA-4A23-4F22-BFBC-B8DBE0580D4F}.Release Singlethreaded|Win32.Build.0 = Release|Win32
		{EBDA67CA-4A23-4F22-BFBC-B8DBE0580D4F}.Release Singlethreaded|x64.ActiveCfg = Release|x64
		{EBDA67CA-4A23-4F22-BFBC-B8DBE0580D4F}.Release Singlethreaded|x64.Build.0 = Release|x64
		{EBDA67CA-4A23-4F22-BFBC-B8DBE0580D4F}.Release|ARM.ActiveCfg = Release|ARM
		{EBDA67CA-4A23-4F22-BFBC-B8DBE0580D4F}.Release|ARM.Build.0 = Release|ARM
		{EBDA67CA-4A23-4F22-BFBC-B8DBE0580D4F}.Release|ARM.Deploy.0 = Release|ARM
		{EBDA67CA-4A23-4F22-BFBC-B8DBE0580D4F}.Release|Win32.ActiveCfg = Release|Win32
		{EBDA67CA-4A23-4F22-BFBC-B8DBE0580D4F}.Release|Win32.Build.0 = Release|Win32
		{EBDA67CA-4A23-4F22-BFBC-B8DBE0580D4F}.Release|x64.ActiveCfg = Release|x64
		{EBDA67CA-4A23-4F22-BFBC-B8DBE0580D4F}.Release|x64.Build.0 = Release|x64
		{EBDA67CA-4A23-4F22-BFBC-B8DBE0580D4F}.Template|ARM.ActiveCfg = Release|ARM
		{EBDA67CA-4A23-4F22-BFBC-B8DBE0580D4F}.Template|ARM.Build.0 = Release|ARM
		{EBDA67CA-4A23-4F22-BFBC-B8DBE0580D4F}.Template|Win32.ActiveCfg = Release|Win32
		{EBDA67CA-4A23-4F22-BFBC-B8DBE0580D4F}.Template|Win32.Build.0 = Release|Win32
		{EBDA67CA-4A23-4F22-BFBC-B8DBE0580D4F}.Template|x64.ActiveCfg = Release|x64
		{EBDA67CA-4A23-4F22-BFBC-B8DBE0580D4F}.Template|x64.Build.0 = Release|x64
		{B162B6F1-E876-4D5F-A1F6-E3A6DC2F4A2C}.Debug Library|ARM.ActiveCfg = Debug|ARM
		{B162B6F1-E876-4D5F-A1F6-E3A6DC2F4A2C}.Debug Library|ARM.Build.0 = Debug|ARM
		{B162B6F1-E876-4D5F-A1F6-E3A6DC2F4A2C}.Debug Library|Win32.ActiveCfg = Debug|Win32
		{B162B6F1-E876-4D5F-A1F6-E3A6DC2F4A2C}.Debug Library|Win32.Build.0 = Debug|Win32
		{B162B6F1-E876-4D5F-A1F6-E3A6DC2F4A2C}.Debug Library|x64.ActiveCfg = Debug|x64
		{B162B6F1-E876-4D5F-A1F6-E3A6DC2F4A2C}.Debug Library|x64.Build.0 = Debug|x64
		{B162B6F1-E876-4D5F-A1F6-E3A6DC2F4A2C}.Debug Multithreaded|ARM.ActiveCfg = Debug|ARM
		{B162B6F1-E876-4D5F-A1F6-E3A6DC2F4A2C}.Debug Multithreaded|ARM.Build.0 = Debug|ARM
		{B162B6F1-E876-4D5F-A1F6-E3A6DC2F4A2C}.Debug Multithreaded|Win32.ActiveCfg = Debug|Win32
		{B162B6F1-E876-4D5F-A1F6-E3A6DC2F4A2C}.Debug Multithreaded|Win32.Build.0 = Debug|Win32
		{B162B6F1-E876-4D5F-A1F6-E3A6DC2F4A2C}.Debug Multithreaded|x64.ActiveCfg = Debug|x64
		{B162B6F1-E876-4D5F-A1F6-E3A6DC2F4A2C}.Debug Multithreaded|x64.Build.0 = Debug|x64
		{B162B6F1-E876-4D5F-A1F6-E3A6DC2F4A2C}.Debug Singlethreaded|ARM.ActiveCfg = Debug|ARM
		{B162B6F1-E876-4D5F-A1F6-E3A6DC2F4A2C}.Debug Singlethreaded|ARM.Build.0 = Debug|ARM
		{B162B6F1-E876-4D5F-A1F6-E3A6DC2F4A2C}.Debug Singlethreaded|Win32.ActiveCfg = Debug|Win32
		{B162B6F1-E876-4D5F-A1F6-E3A6DC2F4A2C}.Debug Singlethreaded|Win32.Build.0 = Debug|Win32
		{B162B6F1-E876-4D5F-A1F6-E3A6DC2F4A2C}.Debug Singlethreaded|x64.ActiveCfg = Debug|x64
		{B162B6F1-E876-4D5F-A1F6-E3A6DC2F4A2C}.Debug Singlethreaded|x64.Build.0 = Debug|x64
		{B162B6F1-E876-4D5F-A1F6-E3A6DC2F4A2C}.Debug|ARM.ActiveCfg = Debug|ARM
		{B162B6F1-E876-4D5F-A1F6-E3A6DC2F4A2C}.Debug|Win32.ActiveCfg = Debug|Win32
		{B162B6F1-E876-4D5F-A1F6-E3A6DC2F4A2C}.Debug|Win32.Build.0 = Debug|Win32
		{B162B6F1-E876-4D5F-A1F6-E3A6DC2F4A2C}.Debug|x64.ActiveCfg = Debug|x64
		{B162B6F1-E876-4D5F-A1F6-E3A6DC2F4A2C}.Debug|x64.Build.0 = Debug|x64
		{B162B6F1-E876-4D5F-A1F6-E3A6DC2F4A2C}.Release Library|ARM.ActiveCfg = Release|ARM
		{B162B6F1-E876-4D5F-A1F6-E3A6DC2F4A2C}.Release Library|ARM.Build.0 = Release|ARM
		{B162B6F1-E876-4D5F-A1F6-E3A6DC2F4A2C}.Release Library|Win32.ActiveCfg = Release|Win32
		{B162B6F1-E876-4D5F-A1F6-E3A6DC2F4A2C}.Release Library|Win32.Build.0 = Release|Win32
		{B162B6F1-E876-4D5F-A1F6-E3A6DC2F4A2C}.Release Library|x64.ActiveCfg = Release|x64
		{B162B6F1-E876-4D5F-A1F6-E3A6DC2F4A2C}.Release Library|x64.Build.0 = Release|x64
		{B162B6F1-E876-4D5F-A1F6-E3A6DC2F4A2C}.Release Multithreaded|ARM.ActiveCfg = Release|ARM
		{B162B6F1-E876-4D5F-A1F6-E3A6DC2F4A2C}.Release Multithreaded|ARM.Build.0 = Release|ARM
		{B162B6F1-E876-4D5F-A1F6-E3A6DC2F4A2C}.Release Multithreaded|Win32.ActiveCfg = Release|Win32
		{B162B6F1-E876-4D5F-A1F6-E3A6DC2F4A2C}.Release Multithreaded|Win32.Build.0 = Release|Win32
		{B162B6F1-E876-4D5F-A1F6-E3A6DC2F4A2C}.Release Multithreaded|x64.ActiveCfg = Release|x64
		{B162B6F1-E876-4D5F-A1F6-E3A6DC2F4A2C}.Release Multithreaded|x64.Build.0 = Release|x64
		{B162B6F1-E876-4D5F-A1F6-E3A6DC2F4A2C}.Release Singlethreaded|ARM.ActiveCfg = Release|ARM
		{B162B6F1-E876-4D5F-A1F6-E3A6DC2F4A2C}.Release Singlethreaded|ARM.Build.0 = Release|ARM
		{B162B6F1-E876-4D5F-A1F6-E3A6DC2F4A2C}.Release Singlethreaded|Win32.ActiveCfg = Release|Win32
		{B162B6F1-E876-4D5F-A1F6-E3A6DC2F4A2C}.Release Singlethreaded|Win32.Build.0 = Release|Win32
		{B162B6F1-E876-4D5F-A1F6-E3A6DC2F4A2C}.Release Singlethreaded|x64.ActiveCfg = Release|x64
		{B162B6F1-E876-4D5F-A1F6-E3A6DC2F4A2C}.Release Singlethreaded|x64.Build.0 = Release|x64
		{B162B6F1-E876-4D5F-A1F6-E3A6DC2F4A2C}.Release|ARM.ActiveCfg = Release|ARM
		{B162B6F1-E876-4D5F-A1F6-E3A6DC2F4A2C}.Release|ARM.Build.0 = Release|ARM
		{B162B6F1-E876-4D5F-A1F6-E3A6DC2F4A2C}.Release|Win32.ActiveCfg = Release|Win32
		{B162B6F1-E876-4D5F-A1F6-E3A6DC2F4A2C}.Release|Win32.Build.0 = Release|Win32
		{B162B6F1-E876-4D5F-A1F6-E3A6DC2F4A2C}.Release|x64.ActiveCfg = Release|x64
		{B162B6F1-E876-4D5F-A1F6-E3A6DC2F4A2C}.Release|x64.Build.0 = Release|x64
		{B162B6F1-E876-4D5F-A1F6-E3A6DC2F4A2C}.Template|ARM.ActiveCfg = Release|ARM
		{B162B6F1-E876-4D5F-A1F6-E3A6DC2F4A2C}.Template|ARM.Build.0 = Release|ARM
		{B162B6F1-E876-4D5F-A1F6-E3A6DC2F4A2C}.Template|Win32.ActiveCfg = Release|Win32
		{B162B6F1-E876-4D5F-A1F6-E3A6DC2F4A2C}.Template|Win32.Build.0 = Release|Win32
		{B162B6F1-E876-4D5F-A1F6-E3A6DC2F4A2C}.Template|x64.ActiveCfg = Release|x64
		{B162B6F1-E876-4D5F-A1F6-E3A6DC2F4A2C}.Template|x64.Build.0 = Release|x64
		{2BD5534E-00E2-4BEA-AC96-D9A92EA24696}.Debug Library|ARM.ActiveCfg = Debug|ARM
		{2BD5534E-00E2-4BEA-AC96-D9A92EA24696}.Debug Library|ARM.Build.0 = Debug|ARM
		{2BD5534E-00E2-4BEA-AC96-D9A92EA24696}.Debug Library|Win32.ActiveCfg = Debug|Win32
		{2BD5534E-00E2-4BEA-AC96-D9A92EA24696}.Debug Library|Win32.Build.0 = Debug|Win32
		{2BD5534E-00E2-4BEA-AC96-D9A92EA24696}.Debug Library|x64.ActiveCfg = Debug|x64
		{2BD5534E-00E2-4BEA-AC96-D9A92EA24696}.Debug Library|x64.Build.0 = Debug|x64
		{2BD5534E-00E2-4BEA-AC96-D9A92EA24696}.Debug Multithreaded|ARM.ActiveCfg = Debug|ARM
		{2BD5534E-00E2-4BEA-AC96-D9A92EA24696}.Debug Multithreaded|ARM.Build.0 = Debug|ARM
		{2BD5534E-00E2-4BEA-AC96-D9A92EA24696}.Debug Multithreaded|Win32.ActiveCfg = Debug|Win32
		{2BD5534E-00E2-4BEA-AC96-D9A92EA24696}.Debug Multithreaded|Win32.Build.0 = Debug|Win32
		{2BD5534E-00E2-4BEA-AC96-D9A92EA24696}.Debug Multithreaded|x64.ActiveCfg = Debug|x64
		{2BD5534E-00E2-4BEA-AC96-D9A92EA24696}.Debug Multithreaded|x64.Build.0 = Debug|x64
		{2BD5534E-00E2-4BEA-AC96-D9A92EA24696}.Debug Singlethreaded|ARM.ActiveCfg = Debug|ARM
		{2BD5534E-00E2-4BEA-AC96-D9A92EA24696}.Debug Singlethreaded|ARM.Build.0 = Debug|ARM
		{2BD5534E-00E2-4BEA-AC96-D9A92EA24696}.Debug Singlethreaded|Win32.ActiveCfg = Debug|Win32
		{2BD5534E-00E2-4BEA-AC96-D9A92EA24696}.Debug Singlethreaded|Win32.Build.0 = Debug|Win32
		{2BD5534E-00E2-4BEA-AC96-D9A92EA24696}.Debug Singlethreaded|x64.ActiveCfg = Debug|x64
		{2BD5534E-00E2-4BEA-AC96-D9A92EA24696}.Debug Singlethreaded|x64.Build.0 = Debug|x64
		{2BD5534E-00E2-4BEA-AC96-D9A92EA24696}.Debug|ARM.ActiveCfg = Debug|ARM
		{2BD5534E-00E2-4BEA-AC96-D9A92EA24696}.Debug|Win32.ActiveCfg = Debug|Win32
		{2BD5534E-00E2-4BEA-AC96-D9A92EA24696}.Debug|Win32.Build.0 = Debug|Win32
		{2BD5534E-00E2-4BEA-AC96-D9A92EA24696}.Debug|x64.ActiveCfg = Debug|x64
		{2BD5534E-00E2-4BEA-AC96-D9A92EA24696}.Debug|x64.Build.0 = Debug|x64
		{2BD5534E-00E2-4BEA-AC96-D9A92EA24696}.Release Library|ARM.ActiveCfg = Release|ARM
		{2BD5534E-00E2-4BEA-AC96-D9A92EA24696}.Release Library|ARM.Build.0 = Release|ARM
		{2BD5534E-00E2-4BEA-AC96-D9A92EA24696}.Release Library|Win32.ActiveCfg = Release|Win32
		{2BD5534E-00E2-4BEA-AC96-D9A92EA24696}.Release Library|Win32.Build.0 = Release|Win32
		{2BD5534E-00E2-4BEA-AC96-D9A92EA24696}.Release Library|x64.ActiveCfg = Release|x64
		{2BD5534E-00E2-4BEA-AC96-D9A92EA24696}.Release Library|x64.Build.0 = Release|x64
		{2BD5534E-00E2-4BEA-AC96-D9A92EA24696}.Release Multithreaded|ARM.ActiveCfg = Release|ARM
		{2BD5534E-00E2-4BEA-AC96-D9A92EA24696}.Release Multithreaded|ARM.Build.0 = Release|ARM
		{2BD5534E-00E2-4BEA-AC96-D9A92EA24696}.Release Multithreaded|Win32.ActiveCfg = Release|Win32
		{2BD5534E-00E2-4BEA-AC96-D9A92EA24696}.Release Multithreaded|Win32.Build.0 = Release|Win32
		{2BD5534E-00E2-4BEA-AC96-D9A92EA24696}.Release Multithreaded|x64.ActiveCfg = Release|x64
		{2BD5534E-00E2-4BEA-AC96-D9A92EA24696}.Release Multithreaded|x64.Build.0 = Release|x64
		{2BD5534E-00E2-4BEA-AC96-D9A92EA24696}.Release Singlethreaded|ARM.ActiveCfg = Release|ARM
		{2BD5534E-00E2-4BEA-AC96-D9A92EA24696}.Release Singlethreaded|ARM.Build.0 = Release|ARM
		{2BD5534E-00E2-4BEA-AC96-D9A92EA24696}.Release Singlethreaded|Win32.ActiveCfg = Release|Win32
		{2BD5534E-00E2-4BEA-AC96-D9A92EA24696}.Release Singlethreaded|Win32.Build.0 = Release|Win32
		{2BD5534E-00E2-4BEA-AC96-D9A92EA24696}.Release Singlethreaded|x64.ActiveCfg = Release|x64
		{2BD5534E-00E2-4BEA-AC96-D9A92EA24696}.Release Singlethreaded|x64.Build.0 = Release|x64
		{2BD5534E-00E2-4BEA-AC96-D9A92EA24696}.Release|ARM.ActiveCfg = Release|ARM
		{2BD5534E-00E2-4BEA-AC96-D9A92EA24696}.Release|ARM.Build.0 = Release|ARM
		{2BD5534E-00E2-4BEA-AC96-D9A92EA24696}.Release|Win32.ActiveCfg = Release|Win32
		{2BD5534E-00E2-4BEA-AC96-D9A92EA24696}.Release|Win32.Build.0 = Release|Win32
		{2BD5534E-00E2-4BEA-AC96-D9A92EA24696}.Release|x64.ActiveCfg = Release|x64
		{2BD5534E-00E2-4BEA-AC96-D9A92EA24696}.Release|x64.Build.0 = Release|x64
		{2BD5534E-00E2-4BEA-AC96-D9A92EA24696}.Template|ARM.ActiveCfg = Release|ARM
		{2BD5534E-00E2-4BEA-AC96-D9A92EA24696}.Template|ARM.Build.0 = Release|ARM
		{2BD5534E-00E2-4BEA-AC96-D9A92EA24696}.Template|Win32.ActiveCfg = Release|Win32
		{2BD5534E-00E2-4BEA-AC96-D9A92EA24696}.Template|Win32.Build.0 = Release|Win32
		{2BD5534E-00E2-4BEA-AC96-D9A92EA24696}.Template|x64.ActiveCfg = Release|x64
		{2BD5534E-00E2-4BEA-AC96-D9A92EA24696}.Template|x64.Build.0 = Release|x64
		{D9982E89-7378-4C7B-88DC-7D949E3BCC12}.Debug Library|ARM.ActiveCfg = Debug|ARM
		{D9982E89-7378-4C7B-88DC-7D949E3BCC12}.Debug Library|ARM.Build.0 = Debug|ARM
		{D9982E89-7378-4C7B-88DC-7D949E3BCC12}.Debug Library|Win32.ActiveCfg = Debug|Win32
		{D9982E89-7378-4C7B-88DC-7D949E3BCC12}.Debug Library|Win32.Build.0 = Debug|Win32
		{D9982E89-7378-4C7B-88DC-7D949E3BCC12}.Debug Library|x64.ActiveCfg = Debug|Win32
		{D9982E89-7378-4C7B-88DC-7D949E3BCC12}.Debug Multithreaded|ARM.ActiveCfg = Debug|ARM
		{D9982E89-7378-4C7B-88DC-7D949E3BCC12}.Debug Multithreaded|ARM.Build.0 = Debug|ARM
		{D9982E89-7378-4C7B-88DC-7D949E3BCC12}.Debug Multithreaded|Win32.ActiveCfg = Debug|Win32
		{D9982E89-7378-4C7B-88DC-7D949E3BCC12}.Debug Multithreaded|Win32.Build.0 = Debug|Win32
		{D9982E89-7378-4C7B-88DC-7D949E3BCC12}.Debug Multithreaded|x64.ActiveCfg = Debug|Win32
		{D9982E89-7378-4C7B-88DC-7D949E3BCC12}.Debug Singlethreaded|ARM.ActiveCfg = Debug|ARM
		{D9982E89-7378-4C7B-88DC-7D949E3BCC12}.Debug Singlethreaded|ARM.Build.0 = Debug|ARM
		{D9982E89-7378-4C7B-88DC-7D949E3BCC12}.Debug Singlethreaded|Win32.ActiveCfg = Debug|Win32
		{D9982E89-7378-4C7B-88DC-7D949E3BCC12}.Debug Singlethreaded|Win32.Build.0 = Debug|Win32
		{D9982E89-7378-4C7B-88DC-7D949E3BCC12}.Debug Singlethreaded|x64.ActiveCfg = Debug|Win32
		{D9982E89-7378-4C7B-88DC-7D949E3BCC12}.Debug|ARM.ActiveCfg = Debug|ARM
		{D9982E89-7378-4C7B-88DC-7D949E3BCC12}.Debug|Win32.ActiveCfg = Debug|Win32
		{D9982E89-7378-4C7B-88DC-7D949E3BCC12}.Debug|Win32.Build.0 = Debug|Win32
		{D9982E89-7378-4C7B-88DC-7D949E3BCC12}.Debug|x64.ActiveCfg = Debug|Win32
		{D9982E89-7378-4C7B-88DC-7D949E3BCC12}.Release Library|ARM.ActiveCfg = Release|ARM
		{D9982E89-7378-4C7B-88DC-7D949E3BCC12}.Release Library|ARM.Build.0 = Release|ARM
		{D9982E89-7378-4C7B-88DC-7D949E3BCC12}.Release Library|Win32.ActiveCfg = Release|Win32
		{D9982E89-7378-4C7B-88DC-7D949E3BCC12}.Release Library|Win32.Build.0 = Release|Win32
		{D9982E89-7378-4C7B-88DC-7D949E3BCC12}.Release Library|x64.ActiveCfg = Release|Win32
		{D9982E89-7378-4C7B-88DC-7D949E3BCC12}.Release Multithreaded|ARM.ActiveCfg = Release|ARM
		{D9982E89-7378-4C7B-88DC-7D949E3BCC12}.Release Multithreaded|ARM.Build.0 = Release|ARM
		{D9982E89-7378-4C7B-88DC-7D949E3BCC12}.Release Multithreaded|Win32.ActiveCfg = Release|Win32
		{D9982E89-7378-4C7B-88DC-7D949E3BCC12}.Release Multithreaded|Win32.Build.0 = Release|Win32
		{D9982E89-7378-4C7B-88DC-7D949E3BCC12}.Release Multithreaded|x64.ActiveCfg = Release|Win32
		{D9982E89-7378-4C7B-88DC-7D949E3BCC12}.Release Singlethreaded|ARM.ActiveCfg = Release|ARM
		{D9982E89-7378-4C7B-88DC-7D949E3BCC12}.Release Singlethreaded|ARM.Build.0 = Release|ARM
		{D9982E89-7378-4C7B-88DC-7D949E3BCC12}.Release Singlethreaded|Win32.ActiveCfg = Release|Win32
		{D9982E89-7378-4C7B-88DC-7D949E3BCC12}.Release Singlethreaded|Win32.Build.0 = Release|Win32
		{D9982E89-7378-4C7B-88DC-7D949E3BCC12}.Release Singlethreaded|x64.ActiveCfg = Release|Win32
		{D9982E89-7378-4C7B-88DC-7D949E3BCC12}.Release|ARM.ActiveCfg = Release|ARM
		{D9982E89-7378-4C7B-88DC-7D949E3BCC12}.Release|ARM.Build.0 = Release|ARM
		{D9982E89-7378-4C7B-88DC-7D949E3BCC12}.Release|Win32.ActiveCfg = Release|Win32
		{D9982E89-7378-4C7B-88DC-7D949E3BCC12}.Release|Win32.Build.0 = Release|Win32
		{D9982E89-7378-4C7B-88DC-7D949E3BCC12}.Release|x64.ActiveCfg = Release|Win32
		{D9982E89-7378-4C7B-88DC-7D949E3BCC12}.Template|ARM.ActiveCfg = Release|ARM
		{D9982E89-7378-4C7B-88DC-7D949E3BCC12}.Template|ARM.Build.0 = Release|ARM
		{D9982E89-7378-4C7B-88DC-7D949E3BCC12}.Template|Win32.ActiveCfg = Release|Win32
		{D9982E89-7378-4C7B-88DC-7D949E3BCC12}.Template|Win32.Build.0 = Release|Win32
		{D9982E89-7378-4C7B-88DC-7D949E3BCC12}.Template|x64.ActiveCfg = Release|Win32
		{33048AF1-031A-4CE6-B61E-FAD2DB832E9E}.Debug Library|ARM.ActiveCfg = Debug|ARM
		{33048AF1-031A-4CE6-B61E-FAD2DB832E9E}.Debug Library|ARM.Build.0 = Debug|ARM
		{33048AF1-031A-4CE6-B61E-FAD2DB832E9E}.Debug Library|Win32.ActiveCfg = Debug|Win32
		{33048AF1-031A-4CE6-B61E-FAD2DB832E9E}.Debug Library|Win32.Build.0 = Debug|Win32
		{33048AF1-031A-4CE6-B61E-FAD2DB832E9E}.Debug Library|x64.ActiveCfg = Debug|Win32
		{33048AF1-031A-4CE6-B61E-FAD2DB832E9E}.Debug Multithreaded|ARM.ActiveCfg = Debug|ARM
		{33048AF1-031A-4CE6-B61E-FAD2DB832E9E}.Debug Multithreaded|ARM.Build.0 = Debug|ARM
		{33048AF1-031A-4CE6-B61E-FAD2DB832E9E}.Debug Multithreaded|Win32.ActiveCfg = Debug|Win32
		{33048AF1-031A-4CE6-B61E-FAD2DB832E9E}.Debug Multithreaded|Win32.Build.0 = Debug|Win32
		{33048AF1-031A-4CE6-B61E-FAD2DB832E9E}.Debug Multithreaded|x64.ActiveCfg = Debug|Win32
		{33048AF1-031A-4CE6-B61E-FAD2DB832E9E}.Debug Singlethreaded|ARM.ActiveCfg = Debug|ARM
		{33048AF1-031A-4CE6-B61E-FAD2DB832E9E}.Debug Singlethreaded|ARM.Build.0 = Debug|ARM
		{33048AF1-031A-4CE6-B61E-FAD2DB832E9E}.Debug Singlethreaded|Win32.ActiveCfg = Debug|Win32
		{33048AF1-031A-4CE6-B61E-FAD2DB832E9E}.Debug Singlethreaded|Win32.Build.0 = Debug|Win32
		{33048AF1-031A-4CE6-B61E-FAD2DB832E9E}.Debug Singlethreaded|x64.ActiveCfg = Debug|Win32
		{33048AF1-031A-4CE6-B61E-FAD2DB832E9E}.Debug|ARM.ActiveCfg = Debug|ARM
		{33048AF1-031A-4CE6-B61E-FAD2DB832E9E}.Debug|Win32.ActiveCfg = Debug|Win32
		{33048AF1-031A-4CE6-B61E-FAD2DB832E9E}.Debug|Win32.Build.0 = Debug|Win32
		{33048AF1-031A-4CE6-B61E-FAD2DB832E9E}.Debug|x64.ActiveCfg = Debug|Win32
		{33048AF1-031A-4CE6-B61E-FAD2DB832E9E}.Release Library|ARM.ActiveCfg = Release|ARM
		{33048AF1-031A-4CE6-B61E-FAD2DB832E9E}.Release Library|ARM.Build.0 = Release|ARM
		{33048AF1-031A-4CE6-B61E-FAD2DB832E9E}.Release Library|Win32.ActiveCfg = Release|Win32
		{33048AF1-031A-4CE6-B61E-FAD2DB832E9E}.Release Library|Win32.Build.0 = Release|Win32
		{33048AF1-031A-4CE6-B61E-FAD2DB832E9E}.Release Library|x64.ActiveCfg = Release|Win32
		{33048AF1-031A-4CE6-B61E-FAD2DB832E9E}.Release Multithreaded|ARM.ActiveCfg = Release|ARM
		{33048AF1-031A-4CE6-B61E-FAD2DB832E9E}.Release Multithreaded|ARM.Build.0 = Release|ARM
		{33048AF1-031A-4CE6-B61E-FAD2DB832E9E}.Release Multithreaded|Win32.ActiveCfg = Release|Win32
		{33048AF1-031A-4CE6-B61E-FAD2DB832E9E}.Release Multithreaded|Win32.Build.0 = Release|Win32
		{33048AF1-031A-4CE6-B61E-FAD2DB832E9E}.Release Multithreaded|x64.ActiveCfg = Release|Win32
		{33048AF1-031A-4CE6-B61E-FAD2DB832E9E}.Release Singlethreaded|ARM.ActiveCfg = Release|ARM
		{33048AF1-031A-4CE6-B61E-FAD2DB832E9E}.Release Singlethreaded|ARM.Build.0 = Release|ARM
		{33048AF1-031A-4CE6-B61E-FAD2DB832E9E}.Release Singlethreaded|Win32.ActiveCfg = Release|Win32
		{33048AF1-031A-4CE6-B61E-FAD2DB832E9E}.Release Singlethreaded|Win32.Build.0 = Release|Win32
		{33048AF1-031A-4CE6-B61E-FAD2DB832E9E}.Release Singlethreaded|x64.ActiveCfg = Release|Win32
		{33048AF1-031A-4CE6-B61E-FAD2DB832E9E}.Release|ARM.ActiveCfg = Release|ARM
		{33048AF1-031A-4CE6-B61E-FAD2DB832E9E}.Release|ARM.Build.0 = Release|ARM
		{33048AF1-031A-4CE6-B61E-FAD2DB832E9E}.Release|Win32.ActiveCfg = Release|Win32
		{33048AF1-031A-4CE6-B61E-FAD2DB832E9E}.Release|Win32.Build.0 = Release|Win32
		{33048AF1-031A-4CE6-B61E-FAD2DB832E9E}.Release|x64.ActiveCfg = Release|Win32
		{33048AF1-031A-4CE6-B61E-FAD2DB832E9E}.Template|ARM.ActiveCfg = Release|ARM
		{33048AF1-031A-4CE6-B61E-FAD2DB832E9E}.Template|ARM.Build.0 = Release|ARM
		{33048AF1-031A-4CE6-B61E-FAD2DB832E9E}.Template|Win32.ActiveCfg = Release|Win32
		{33048AF1-031A-4CE6-B61E-FAD2DB832E9E}.Template|Win32.Build.0 = Release|Win32
		{33048AF1-031A-4CE6-B61E-FAD2DB832E9E}.Template|x64.ActiveCfg = Release|Win32
		{1BAB2AFC-3520-481B-8132-5D4D9619E58D}.Debug Library|ARM.ActiveCfg = Debug|ARM
		{1BAB2AFC-3520-481B-8132-5D4D9619E58D}.Debug Library|ARM.Build.0 = Debug|ARM
		{1BAB2AFC-3520-481B-8132-5D4D9619E58D}.Debug Library|Win32.ActiveCfg = Debug|Win32
		{1BAB2AFC-3520-481B-8132-5D4D9619E58D}.Debug Library|Win32.Build.0 = Debug|Win32
		{1BAB2AFC-3520-481B-8132-5D4D9619E58D}.Debug Library|x64.ActiveCfg = Debug|Win32
		{1BAB2AFC-3520-481B-8132-5D4D9619E58D}.Debug Multithreaded|ARM.ActiveCfg = Debug|ARM
		{1BAB2AFC-3520-481B-8132-5D4D9619E58D}.Debug Multithreaded|ARM.Build.0 = Debug|ARM
		{1BAB2AFC-3520-481B-8132-5D4D9619E58D}.Debug Multithreaded|Win32.ActiveCfg = Debug|Win32
		{1BAB2AFC-3520-481B-8132-5D4D9619E58D}.Debug Multithreaded|Win32.Build.0 = Debug|Win32
		{1BAB2AFC-3520-481B-8132-5D4D9619E58D}.Debug Multithreaded|x64.ActiveCfg = Debug|Win32
		{1BAB2AFC-3520-481B-8132-5D4D9619E58D}.Debug Singlethreaded|ARM.ActiveCfg = Debug|ARM
		{1BAB2AFC-3520-481B-8132-5D4D9619E58D}.Debug Singlethreaded|ARM.Build.0 = Debug|ARM
		{1BAB2AFC-3520-481B-8132-5D4D9619E58D}.Debug Singlethreaded|Win32.ActiveCfg = Debug|Win32
		{1BAB2AFC-3520-481B-8132-5D4D9619E58D}.Debug Singlethreaded|Win32.Build.0 = Debug|Win32
		{1BAB2AFC-3520-481B-8132-5D4D9619E58D}.Debug Singlethreaded|x64.ActiveCfg = Debug|Win32
		{1BAB2AFC-3520-481B-8132-5D4D9619E58D}.Debug|ARM.ActiveCfg = Debug|ARM
		{1BAB2AFC-3520-481B-8132-5D4D9619E58D}.Debug|Win32.ActiveCfg = Debug|Win32
		{1BAB2AFC-3520-481B-8132-5D4D9619E58D}.Debug|Win32.Build.0 = Debug|Win32
		{1BAB2AFC-3520-481B-8132-5D4D9619E58D}.Debug|x64.ActiveCfg = Debug|Win32
		{1BAB2AFC-3520-481B-8132-5D4D9619E58D}.Release Library|ARM.ActiveCfg = Release|ARM
		{1BAB2AFC-3520-481B-8132-5D4D9619E58D}.Release Library|ARM.Build.0 = Release|ARM
		{1BAB2AFC-3520-481B-8132-5D4D9619E58D}.Release Library|Win32.ActiveCfg = Release|Win32
		{1BAB2AFC-3520-481B-8132-5D4D9619E58D}.Release Library|Win32.Build.0 = Release|Win32
		{1BAB2AFC-3520-481B-8132-5D4D9619E58D}.Release Library|x64.ActiveCfg = Release|Win32
		{1BAB2AFC-3520-481B-8132-5D4D9619E58D}.Release Multithreaded|ARM.ActiveCfg = Release|ARM
		{1BAB2AFC-3520-481B-8132-5D4D9619E58D}.Release Multithreaded|ARM.Build.0 = Release|ARM
		{1BAB2AFC-3520-481B-8132-5D4D9619E58D}.Release Multithreaded|Win32.ActiveCfg = Release|Win32
		{1BAB2AFC-3520-481B-8132-5D4D9619E58D}.Release Multithreaded|Win32.Build.0 = Release|Win32
		{1BAB2AFC-3520-481B-8132-5D4D9619E58D}.Release Multithreaded|x64.ActiveCfg = Release|Win32
		{1BAB2AFC-3520-481B-8132-5D4D9619E58D}.Release Singlethreaded|ARM.ActiveCfg = Release|ARM
		{1BAB2AFC-3520-481B-8132-5D4D9619E58D}.Release Singlethreaded|ARM.Build.0 = Release|ARM
		{1BAB2AFC-3520-481B-8132-5D4D9619E58D}.Release Singlethreaded|Win32.ActiveCfg = Release|Win32
		{1BAB2AFC-3520-481B-8132-5D4D9619E58D}.Release Singlethreaded|Win32.Build.0 = Release|Win32
		{1BAB2AFC-3520-481B-8132-5D4D9619E58D}.Release Singlethreaded|x64.ActiveCfg = Release|Win32
		{1BAB2AFC-3520-481B-8132-5D4D9619E58D}.Release|ARM.ActiveCfg = Release|ARM
		{1BAB2AFC-3520-481B-8132-5D4D9619E58D}.Release|ARM.Build.0 = Release|ARM
		{1BAB2AFC-3520-481B-8132-5D4D9619E58D}.Release|Win32.ActiveCfg = Release|Win32
		{1BAB2AFC-3520-481B-8132-5D4D9619E58D}.Release|Win32.Build.0 = Release|Win32
		{1BAB2AFC-3520-481B-8132-5D4D9619E58D}.Release|x64.ActiveCfg = Release|Win32
		{1BAB2AFC-3520-481B-8132-5D4D9619E58D}.Template|ARM.ActiveCfg = Release|ARM
		{1BAB2AFC-3520-481B-8132-5D4D9619E58D}.Template|ARM.Build.0 = Release|ARM
		{1BAB2AFC-3520-481B-8132-5D4D9619E58D}.Template|Win32.ActiveCfg = Release|Win32
		{1BAB2AFC-3520-481B-8132-5D4D9619E58D}.Template|Win32.Build.0 = Release|Win32
		{1BAB2AFC-3520-481B-8132-5D4D9619E58D}.Template|x64.ActiveCfg = Release|Win32
		{CEBDE98B-A6AA-46E6-BC79-FAAF823DB9EC}.Debug Library|ARM.ActiveCfg = Debug|ARM
		{CEBDE98B-A6AA-46E6-BC79-FAAF823DB9EC}.Debug Library|ARM.Build.0 = Debug|ARM
		{CEBDE98B-A6AA-46E6-BC79-FAAF823DB9EC}.Debug Library|Win32.ActiveCfg = Debug|ARM
		{CEBDE98B-A6AA-46E6-BC79-FAAF823DB9EC}.Debug Library|x64.ActiveCfg = Debug|ARM
		{CEBDE98B-A6AA-46E6-BC79-FAAF823DB9EC}.Debug Multithreaded|ARM.ActiveCfg = Debug|ARM
		{CEBDE98B-A6AA-46E6-BC79-FAAF823DB9EC}.Debug Multithreaded|ARM.Build.0 = Debug|ARM
		{CEBDE98B-A6AA-46E6-BC79-FAAF823DB9EC}.Debug Multithreaded|Win32.ActiveCfg = Debug|ARM
		{CEBDE98B-A6AA-46E6-BC79-FAAF823DB9EC}.Debug Multithreaded|x64.ActiveCfg = Debug|ARM
		{CEBDE98B-A6AA-46E6-BC79-FAAF823DB9EC}.Debug Singlethreaded|ARM.ActiveCfg = Debug|ARM
		{CEBDE98B-A6AA-46E6-BC79-FAAF823DB9EC}.Debug Singlethreaded|ARM.Build.0 = Debug|ARM
		{CEBDE98B-A6AA-46E6-BC79-FAAF823DB9EC}.Debug Singlethreaded|Win32.ActiveCfg = Debug|ARM
		{CEBDE98B-A6AA-46E6-BC79-FAAF823DB9EC}.Debug Singlethreaded|x64.ActiveCfg = Debug|ARM
		{CEBDE98B-A6AA-46E6-BC79-FAAF823DB9EC}.Debug|ARM.ActiveCfg = Debug|ARM
		{CEBDE98B-A6AA-46E6-BC79-FAAF823DB9EC}.Debug|Win32.ActiveCfg = Debug|ARM
		{CEBDE98B-A6AA-46E6-BC79-FAAF823DB9EC}.Debug|x64.ActiveCfg = Debug|ARM
		{CEBDE98B-A6AA-46E6-BC79-FAAF823DB9EC}.Release Library|ARM.ActiveCfg = Release|ARM
		{CEBDE98B-A6AA-46E6-BC79-FAAF823DB9EC}.Release Library|ARM.Build.0 = Release|ARM
		{CEBDE98B-A6AA-46E6-BC79-FAAF823DB9EC}.Release Library|Win32.ActiveCfg = Release|ARM
		{CEBDE98B-A6AA-46E6-BC79-FAAF823DB9EC}.Release Library|x64.ActiveCfg = Release|ARM
		{CEBDE98B-A6AA-46E6-BC79-FAAF823DB9EC}.Release Multithreaded|ARM.ActiveCfg = Release|ARM
		{CEBDE98B-A6AA-46E6-BC79-FAAF823DB9EC}.Release Multithreaded|ARM.Build.0 = Release|ARM
		{CEBDE98B-A6AA-46E6-BC79-FAAF823DB9EC}.Release Multithreaded|Win32.ActiveCfg = Release|ARM
		{CEBDE98B-A6AA-46E6-BC79-FAAF823DB9EC}.Release Multithreaded|x64.ActiveCfg = Release|ARM
		{CEBDE98B-A6AA-46E6-BC79-FAAF823DB9EC}.Release Singlethreaded|ARM.ActiveCfg = Release|ARM
		{CEBDE98B-A6AA-46E6-BC79-FAAF823DB9EC}.Release Singlethreaded|ARM.Build.0 = Release|ARM
		{CEBDE98B-A6AA-46E6-BC79-FAAF823DB9EC}.Release Singlethreaded|Win32.ActiveCfg = Release|ARM
		{CEBDE98B-A6AA-46E6-BC79-FAAF823DB9EC}.Release Singlethreaded|x64.ActiveCfg = Release|ARM
		{CEBDE98B-A6AA-46E6-BC79-FAAF823DB9EC}.Release|ARM.ActiveCfg = Release|ARM
		{CEBDE98B-A6AA-46E6-BC79-FAAF823DB9EC}.Release|ARM.Build.0 = Release|ARM
		{CEBDE98B-A6AA-46E6-BC79-FAAF823DB9EC}.Release|Win32.ActiveCfg = Release|ARM
		{CEBDE98B-A6AA-46E6-BC79-FAAF823DB9EC}.Release|x64.ActiveCfg = Release|ARM
		{CEBDE98B-A6AA-46E6-BC79-FAAF823DB9EC}.Template|ARM.ActiveCfg = Release|ARM
		{CEBDE98B-A6AA-46E6-BC79-FAAF823DB9EC}.Template|ARM.Build.0 = Release|ARM
		{CEBDE98B-A6AA-46E6-BC79-FAAF823DB9EC}.Template|Win32.ActiveCfg = Release|ARM
		{CEBDE98B-A6AA-46E6-BC79-FAAF823DB9EC}.Template|x64.ActiveCfg = Release|ARM
		{3A214E06-B95E-4D61-A291-1F8DF2EC10FD}.Debug Library|ARM.ActiveCfg = Debug|ARM
		{3A214E06-B95E-4D61-A291-1F8DF2EC10FD}.Debug Library|ARM.Build.0 = Debug|ARM
		{3A214E06-B95E-4D61-A291-1F8DF2EC10FD}.Debug Library|Win32.ActiveCfg = Debug|ARM
		{3A214E06-B95E-4D61-A291-1F8DF2EC10FD}.Debug Library|x64.ActiveCfg = Debug|ARM
		{3A214E06-B95E-4D61-A291-1F8DF2EC10FD}.Debug Multithreaded|ARM.ActiveCfg = Debug|ARM
		{3A214E06-B95E-4D61-A291-1F8DF2EC10FD}.Debug Multithreaded|ARM.Build.0 = Debug|ARM
		{3A214E06-B95E-4D61-A291-1F8DF2EC10FD}.Debug Multithreaded|Win32.ActiveCfg = Debug|ARM
		{3A214E06-B95E-4D61-A291-1F8DF2EC10FD}.Debug Multithreaded|x64.ActiveCfg = Debug|ARM
		{3A214E06-B95E-4D61-A291-1F8DF2EC10FD}.Debug Singlethreaded|ARM.ActiveCfg = Debug|ARM
		{3A214E06-B95E-4D61-A291-1F8DF2EC10FD}.Debug Singlethreaded|ARM.Build.0 = Debug|ARM
		{3A214E06-B95E-4D61-A291-1F8DF2EC10FD}.Debug Singlethreaded|Win32.ActiveCfg = Debug|ARM
		{3A214E06-B95E-4D61-A291-1F8DF2EC10FD}.Debug Singlethreaded|x64.ActiveCfg = Debug|ARM
		{3A214E06-B95E-4D61-A291-1F8DF2EC10FD}.Debug|ARM.ActiveCfg = Debug|ARM
		{3A214E06-B95E-4D61-A291-1F8DF2EC10FD}.Debug|Win32.ActiveCfg = Debug|ARM
		{3A214E06-B95E-4D61-A291-1F8DF2EC10FD}.Debug|x64.ActiveCfg = Debug|ARM
		{3A214E06-B95E-4D61-A291-1F8DF2EC10FD}.Release Library|ARM.ActiveCfg = Release|ARM
		{3A214E06-B95E-4D61-A291-1F8DF2EC10FD}.Release Library|ARM.Build.0 = Release|ARM
		{3A214E06-B95E-4D61-A291-1F8DF2EC10FD}.Release Library|Win32.ActiveCfg = Release|ARM
		{3A214E06-B95E-4D61-A291-1F8DF2EC10FD}.Release Library|x64.ActiveCfg = Release|ARM
		{3A214E06-B95E-4D61-A291-1F8DF2EC10FD}.Release Multithreaded|ARM.ActiveCfg = Release|ARM
		{3A214E06-B95E-4D61-A291-1F8DF2EC10FD}.Release Multithreaded|ARM.Build.0 = Release|ARM
		{3A214E06-B95E-4D61-A291-1F8DF2EC10FD}.Release Multithreaded|Win32.ActiveCfg = Release|ARM
		{3A214E06-B95E-4D61-A291-1F8DF2EC10FD}.Release Multithreaded|x64.ActiveCfg = Release|ARM
		{3A214E06-B95E-4D61-A291-1F8DF2EC10FD}.Release Singlethreaded|ARM.ActiveCfg = Release|ARM
		{3A214E06-B95E-4D61-A291-1F8DF2EC10FD}.Release Singlethreaded|ARM.Build.0 = Release|ARM
		{3A214E06-B95E-4D61-A291-1F8DF2EC10FD}.Release Singlethreaded|Win32.ActiveCfg = Release|ARM
		{3A214E06-B95E-4D61-A291-1F8DF2EC10FD}.Release Singlethreaded|x64.ActiveCfg = Release|ARM
		{3A214E06-B95E-4D61-A291-1F8DF2EC10FD}.Release|ARM.ActiveCfg = Release|ARM
		{3A214E06-B95E-4D61-A291-1F8DF2EC10FD}.Release|ARM.Build.0 = Release|ARM
		{3A214E06-B95E-4D61-A291-1F8DF2EC10FD}.Release|Win32.ActiveCfg = Release|ARM
		{3A214E06-B95E-4D61-A291-1F8DF2EC10FD}.Release|x64.ActiveCfg = Release|ARM
		{3A214E06-B95E-4D61-A291-1F8DF2EC10FD}.Template|ARM.ActiveCfg = Release|ARM
		{3A214E06-B95E-4D61-A291-1F8DF2EC10FD}.Template|ARM.Build.0 = Release|ARM
		{3A214E06-B95E-4D61-A291-1F8DF2EC10FD}.Template|Win32.ActiveCfg = Release|ARM
		{3A214E06-B95E-4D61-A291-1F8DF2EC10FD}.Template|x64.ActiveCfg = Release|ARM
		{15CBFEFF-7965-41F5-B4E2-21E8795C9159}.Debug Library|ARM.ActiveCfg = Debug|ARM
		{15CBFEFF-7965-41F5-B4E2-21E8795C9159}.Debug Library|ARM.Build.0 = Debug|ARM
		{15CBFEFF-7965-41F5-B4E2-21E8795C9159}.Debug Library|Win32.ActiveCfg = Debug|Win32
		{15CBFEFF-7965-41F5-B4E2-21E8795C9159}.Debug Library|Win32.Build.0 = Debug|Win32
		{15CBFEFF-7965-41F5-B4E2-21E8795C9159}.Debug Library|x64.ActiveCfg = Debug|x64
		{15CBFEFF-7965-41F5-B4E2-21E8795C9159}.Debug Library|x64.Build.0 = Debug|x64
		{15CBFEFF-7965-41F5-B4E2-21E8795C9159}.Debug Multithreaded|ARM.ActiveCfg = Debug|ARM
		{15CBFEFF-7965-41F5-B4E2-21E8795C9159}.Debug Multithreaded|ARM.Build.0 = Debug|ARM
		{15CBFEFF-7965-41F5-B4E2-21E8795C9159}.Debug Multithreaded|Win32.ActiveCfg = Debug|Win32
		{15CBFEFF-7965-41F5-B4E2-21E8795C9159}.Debug Multithreaded|Win32.Build.0 = Debug|Win32
		{15CBFEFF-7965-41F5-B4E2-21E8795C9159}.Debug Multithreaded|x64.ActiveCfg = Debug|x64
		{15CBFEFF-7965-41F5-B4E2-21E8795C9159}.Debug Multithreaded|x64.Build.0 = Debug|x64
		{15CBFEFF-7965-41F5-B4E2-21E8795C9159}.Debug Singlethreaded|ARM.ActiveCfg = Debug|ARM
		{15CBFEFF-7965-41F5-B4E2-21E8795C9159}.Debug Singlethreaded|ARM.Build.0 = Debug|ARM
		{15CBFEFF-7965-41F5-B4E2-21E8795C9159}.Debug Singlethreaded|Win32.ActiveCfg = Debug|Win32
		{15CBFEFF-7965-41F5-B4E2-21E8795C9159}.Debug Singlethreaded|Win32.Build.0 = Debug|Win32
		{15CBFEFF-7965-41F5-B4E2-21E8795C9159}.Debug Singlethreaded|x64.ActiveCfg = Debug|x64
		{15CBFEFF-7965-41F5-B4E2-21E8795C9159}.Debug Singlethreaded|x64.Build.0 = Debug|x64
		{15CBFEFF-7965-41F5-B4E2-21E8795C9159}.Debug|ARM.ActiveCfg = Debug|ARM
		{15CBFEFF-7965-41F5-B4E2-21E8795C9159}.Debug|Win32.ActiveCfg = Debug|Win32
		{15CBFEFF-7965-41F5-B4E2-21E8795C9159}.Debug|Win32.Build.0 = Debug|Win32
		{15CBFEFF-7965-41F5-B4E2-21E8795C9159}.Debug|x64.ActiveCfg = Debug|x64
		{15CBFEFF-7965-41F5-B4E2-21E8795C9159}.Debug|x64.Build.0 = Debug|x64
		{15CBFEFF-7965-41F5-B4E2-21E8795C9159}.Release Library|ARM.ActiveCfg = Release|ARM
		{15CBFEFF-7965-41F5-B4E2-21E8795C9159}.Release Library|ARM.Build.0 = Release|ARM
		{15CBFEFF-7965-41F5-B4E2-21E8795C9159}.Release Library|Win32.ActiveCfg = Release|Win32
		{15CBFEFF-7965-41F5-B4E2-21E8795C9159}.Release Library|Win32.Build.0 = Release|Win32
		{15CBFEFF-7965-41F5-B4E2-21E8795C9159}.Release Library|x64.ActiveCfg = Release|x64
		{15CBFEFF-7965-41F5-B4E2-21E8795C9159}.Release Library|x64.Build.0 = Release|x64
		{15CBFEFF-7965-41F5-B4E2-21E8795C9159}.Release Multithreaded|ARM.ActiveCfg = Release|ARM
		{15CBFEFF-7965-41F5-B4E2-21E8795C9159}.Release Multithreaded|ARM.Build.0 = Release|ARM
		{15CBFEFF-7965-41F5-B4E2-21E8795C9159}.Release Multithreaded|Win32.ActiveCfg = Release|Win32
		{15CBFEFF-7965-41F5-B4E2-21E8795C9159}.Release Multithreaded|Win32.Build.0 = Release|Win32
		{15CBFEFF-7965-41F5-B4E2-21E8795C9159}.Release Multithreaded|x64.ActiveCfg = Release|x64
		{15CBFEFF-7965-41F5-B4E2-21E8795C9159}.Release Multithreaded|x64.Build.0 = Release|x64
		{15CBFEFF-7965-41F5-B4E2-21E8795C9159}.Release Singlethreaded|ARM.ActiveCfg = Release|ARM
		{15CBFEFF-7965-41F5-B4E2-21E8795C9159}.Release Singlethreaded|ARM.Build.0 = Release|ARM
		{15CBFEFF-7965-41F5-B4E2-21E8795C9159}.Release Singlethreaded|Win32.ActiveCfg = Release|Win32
		{15CBFEFF-7965-41F5-B4E2-21E8795C9159}.Release Singlethreaded|Win32.Build.0 = Release|Win32
		{15CBFEFF-7965-41F5-B4E2-21E8795C9159}.Release Singlethreaded|x64.ActiveCfg = Release|x64
		{15CBFEFF-7965-41F5-B4E2-21E8795C9159}.Release Singlethreaded|x64.Build.0 = Release|x64
		{15CBFEFF-7965-41F5-B4E2-21E8795C9159}.Release|ARM.ActiveCfg = Release|ARM
		{15CBFEFF-7965-41F5-B4E2-21E8795C9159}.Release|ARM.Build.0 = Release|ARM
		{15CBFEFF-7965-41F5-B4E2-21E8795C9159}.Release|Win32.ActiveCfg = Release|Win32
		{15CBFEFF-7965-41F5-B4E2-21E8795C9159}.Release|Win32.Build.0 = Release|Win32
		{15CBFEFF-7965-41F5-B4E2-21E8795C9159}.Release|x64.ActiveCfg = Release|x64
		{15CBFEFF-7965-41F5-B4E2-21E8795C9159}.Release|x64.Build.0 = Release|x64
		{15CBFEFF-7965-41F5-B4E2-21E8795C9159}.Template|ARM.ActiveCfg = Release|ARM
		{15CBFEFF-7965-41F5-B4E2-21E8795C9159}.Template|ARM.Build.0 = Release|ARM
		{15CBFEFF-7965-41F5-B4E2-21E8795C9159}.Template|Win32.ActiveCfg = Release|Win32
		{15CBFEFF-7965-41F5-B4E2-21E8795C9159}.Template|Win32.Build.0 = Release|Win32
		{15CBFEFF-7965-41F5-B4E2-21E8795C9159}.Template|x64.ActiveCfg = Release|x64
		{15CBFEFF-7965-41F5-B4E2-21E8795C9159}.Template|x64.Build.0 = Release|x64
		{93B4F285-36F4-4618-B230-73E1F7734576}.Debug Library|ARM.ActiveCfg = Debug|ARM
		{93B4F285-36F4-4618-B230-73E1F7734576}.Debug Library|ARM.Build.0 = Debug|ARM
		{93B4F285-36F4-4618-B230-73E1F7734576}.Debug Library|Win32.ActiveCfg = Debug|Win32
		{93B4F285-36F4-4618-B230-73E1F7734576}.Debug Library|Win32.Build.0 = Debug|Win32
		{93B4F285-36F4-4618-B230-73E1F7734576}.Debug Library|x64.ActiveCfg = Debug|Win32
		{93B4F285-36F4-4618-B230-73E1F7734576}.Debug Multithreaded|ARM.ActiveCfg = Debug|ARM
		{93B4F285-36F4-4618-B230-73E1F7734576}.Debug Multithreaded|ARM.Build.0 = Debug|ARM
		{93B4F285-36F4-4618-B230-73E1F7734576}.Debug Multithreaded|Win32.ActiveCfg = Debug|Win32
		{93B4F285-36F4-4618-B230-73E1F7734576}.Debug Multithreaded|Win32.Build.0 = Debug|Win32
		{93B4F285-36F4-4618-B230-73E1F7734576}.Debug Multithreaded|x64.ActiveCfg = Debug|Win32
		{93B4F285-36F4-4618-B230-73E1F7734576}.Debug Singlethreaded|ARM.ActiveCfg = Debug|ARM
		{93B4F285-36F4-4618-B230-73E1F7734576}.Debug Singlethreaded|ARM.Build.0 = Debug|ARM
		{93B4F285-36F4-4618-B230-73E1F7734576}.Debug Singlethreaded|Win32.ActiveCfg = Debug|Win32
		{93B4F285-36F4-4618-B230-73E1F7734576}.Debug Singlethreaded|Win32.Build.0 = Debug|Win32
		{93B4F285-36F4-4618-B230-73E1F7734576}.Debug Singlethreaded|x64.ActiveCfg = Debug|Win32
		{93B4F285-36F4-4618-B230-73E1F7734576}.Debug|ARM.ActiveCfg = Debug|ARM
		{93B4F285-36F4-4618-B230-73E1F7734576}.Debug|ARM.Build.0 = Debug|ARM
		{93B4F285-36F4-4618-B230-73E1F7734576}.Debug|Win32.ActiveCfg = Debug|Win32
		{93B4F285-36F4-4618-B230-73E1F7734576}.Debug|Win32.Build.0 = Debug|Win32
		{93B4F285-36F4-4618-B230-73E1F7734576}.Debug|x64.ActiveCfg = Debug|Win32
		{93B4F285-36F4-4618-B230-73E1F7734576}.Release Library|ARM.ActiveCfg = Release|ARM
		{93B4F285-36F4-4618-B230-73E1F7734576}.Release Library|ARM.Build.0 = Release|ARM
		{93B4F285-36F4-4618-B230-73E1F7734576}.Release Library|Win32.ActiveCfg = Release|Win32
		{93B4F285-36F4-4618-B230-73E1F7734576}.Release Library|Win32.Build.0 = Release|Win32
		{93B4F285-36F4-4618-B230-73E1F7734576}.Release Library|x64.ActiveCfg = Release|Win32
		{93B4F285-36F4-4618-B230-73E1F7734576}.Release Multithreaded|ARM.ActiveCfg = Release|ARM
		{93B4F285-36F4-4618-B230-73E1F7734576}.Release Multithreaded|ARM.Build.0 = Release|ARM
		{93B4F285-36F4-4618-B230-73E1F7734576}.Release Multithreaded|Win32.ActiveCfg = Release|Win32
		{93B4F285-36F4-4618-B230-73E1F7734576}.Release Multithreaded|Win32.Build.0 = Release|Win32
		{93B4F285-36F4-4618-B230-73E1F7734576}.Release Multithreaded|x64.ActiveCfg = Release|Win32
		{93B4F285-36F4-4618-B230-73E1F7734576}.Release Singlethreaded|ARM.ActiveCfg = Release|ARM
		{93B4F285-36F4-4618-B230-73E1F7734576}.Release Singlethreaded|ARM.Build.0 = Release|ARM
		{93B4F285-36F4-4618-B230-73E1F7734576}.Release Singlethreaded|Win32.ActiveCfg = Release|Win32
		{93B4F285-36F4-4618-B230-73E1F7734576}.Release Singlethreaded|Win32.Build.0 = Release|Win32
		{93B4F285-36F4-4618-B230-73E1F7734576}.Release Singlethreaded|x64.ActiveCfg = Release|Win32
		{93B4F285-36F4-4618-B230-73E1F7734576}.Release|ARM.ActiveCfg = Release|ARM
		{93B4F285-36F4-4618-B230-73E1F7734576}.Release|ARM.Build.0 = Release|ARM
		{93B4F285-36F4-4618-B230-73E1F7734576}.Release|Win32.ActiveCfg = Release|Win32
		{93B4F285-36F4-4618-B230-73E1F7734576}.Release|Win32.Build.0 = Release|Win32
		{93B4F285-36F4-4618-B230-73E1F7734576}.Release|x64.ActiveCfg = Release|Win32
		{93B4F285-36F4-4618-B230-73E1F7734576}.Template|ARM.ActiveCfg = Release|ARM
		{93B4F285-36F4-4618-B230-73E1F7734576}.Template|ARM.Build.0 = Release|ARM
		{93B4F285-36F4-4618-B230-73E1F7734576}.Template|Win32.ActiveCfg = Release|Win32
		{93B4F285-36F4-4618-B230-73E1F7734576}.Template|Win32.Build.0 = Release|Win32
		{93B4F285-36F4-4618-B230-73E1F7734576}.Template|x64.ActiveCfg = Release|Win32
		{F2B5F26B-F826-64D1-D807-84C31AD8B790}.Debug Library|ARM.ActiveCfg = Debug|ARM
		{F2B5F26B-F826-64D1-D807-84C31AD8B790}.Debug Library|ARM.Build.0 = Debug|ARM
		{F2B5F26B-F826-64D1-D807-84C31AD8B790}.Debug Library|Win32.ActiveCfg = Debug|Win32
		{F2B5F26B-F826-64D1-D807-84C31AD8B790}.Debug Library|Win32.Build.0 = Debug|Win32
		{F2B5F26B-F826-64D1-D807-84C31AD8B790}.Debug Library|x64.ActiveCfg = Debug|Win32
		{F2B5F26B-F826-64D1-D807-84C31AD8B790}.Debug Multithreaded|ARM.ActiveCfg = Debug|ARM
		{F2B5F26B-F826-64D1-D807-84C31AD8B790}.Debug Multithreaded|ARM.Build.0 = Debug|ARM
		{F2B5F26B-F826-64D1-D807-84C31AD8B790}.Debug Multithreaded|Win32.ActiveCfg = Debug|Win32
		{F2B5F26B-F826-64D1-D807-84C31AD8B790}.Debug Multithreaded|Win32.Build.0 = Debug|Win32
		{F2B5F26B-F826-64D1-D807-84C31AD8B790}.Debug Multithreaded|x64.ActiveCfg = Debug|Win32
		{F2B5F26B-F826-64D1-D807-84C31AD8B790}.Debug Singlethreaded|ARM.ActiveCfg = Debug|ARM
		{F2B5F26B-F826-64D1-D807-84C31AD8B790}.Debug Singlethreaded|ARM.Build.0 = Debug|ARM
		{F2B5F26B-F826-64D1-D807-84C31AD8B790}.Debug Singlethreaded|Win32.ActiveCfg = Debug|Win32
		{F2B5F26B-F826-64D1-D807-84C31AD8B790}.Debug Singlethreaded|Win32.Build.0 = Debug|Win32
		{F2B5F26B-F826-64D1-D807-84C31AD8B790}.Debug Singlethreaded|x64.ActiveCfg = Debug|Win32
		{F2B5F26B-F826-64D1-D807-84C31AD8B790}.Debug|ARM.ActiveCfg = Debug|ARM
		{F2B5F26B-F826-64D1-D807-84C31AD8B790}.Debug|ARM.Build.0 = Debug|ARM
		{F2B5F26B-F826-64D1-D807-84C31AD8B790}.Debug|Win32.ActiveCfg = Debug|Win32
		{F2B5F26B-F826-64D1-D807-84C31AD8B790}.Debug|Win32.Build.0 = Debug|Win32
		{F2B5F26B-F826-64D1-D807-84C31AD8B790}.Debug|x64.ActiveCfg = Debug|Win32
		{F2B5F26B-F826-64D1-D807-84C31AD8B790}.Release Library|ARM.ActiveCfg = Release|ARM
		{F2B5F26B-F826-64D1-D807-84C31AD8B790}.Release Library|ARM.Build.0 = Release|ARM
		{F2B5F26B-F826-64D1-D807-84C31AD8B790}.Release Library|Win32.ActiveCfg = Release|Win32
		{F2B5F26B-F826-64D1-D807-84C31AD8B790}.Release Library|Win32.Build.0 = Release|Win32
		{F2B5F26B-F826-64D1-D807-84C31AD8B790}.Release Library|x64.ActiveCfg = Release|Win32
		{F2B5F26B-F826-64D1-D807-84C31AD8B790}.Release Multithreaded|ARM.ActiveCfg = Release|ARM
		{F2B5F26B-F826-64D1-D807-84C31AD8B790}.Release Multithreaded|ARM.Build.0 = Release|ARM
		{F2B5F26B-F826-64D1-D807-84C31AD8B790}.Release Multithreaded|Win32.ActiveCfg = Release|Win32
		{F2B5F26B-F826-64D1-D807-84C31AD8B790}.Release Multithreaded|Win32.Build.0 = Release|Win32
		{F2B5F26B-F826-64D1-D807-84C31AD8B790}.Release Multithreaded|x64.ActiveCfg = Release|Win32
		{F2B5F26B-F826-64D1-D807-84C31AD8B790}.Release Singlethreaded|ARM.ActiveCfg = Release|ARM
		{F2B5F26B-F826-64D1-D807-84C31AD8B790}.Release Singlethreaded|ARM.Build.0 = Release|ARM
		{F2B5F26B-F826-64D1-D807-84C31AD8B790}.Release Singlethreaded|Win32.ActiveCfg = Release|Win32
		{F2B5F26B-F826-64D1-D807-84C31AD8B790}.Release Singlethreaded|Win32.Build.0 = Release|Win32
		{F2B5F26B-F826-64D1-D807-84C31AD8B790}.Release Singlethreaded|x64.ActiveCfg = Release|Win32
		{F2B5F26B-F826-64D1-D807-84C31AD8B790}.Release|ARM.ActiveCfg = Release|ARM
		{F2B5F26B-F826-64D1-D807-84C31AD8B790}.Release|ARM.Build.0 = Release|ARM
		{F2B5F26B-F826-64D1-D807-84C31AD8B790}.Release|Win32.ActiveCfg = Release|Win32
		{F2B5F26B-F826-64D1-D807-84C31AD8B790}.Release|Win32.Build.0 = Release|Win32
		{F2B5F26B-F826-64D1-D807-84C31AD8B790}.Release|x64.ActiveCfg = Release|Win32
		{F2B5F26B-F826-64D1-D807-84C31AD8B790}.Template|ARM.ActiveCfg = Template|ARM
		{F2B5F26B-F826-64D1-D807-84C31AD8B790}.Template|ARM.Build.0 = Template|ARM
		{F2B5F26B-F826-64D1-D807-84C31AD8B790}.Template|Win32.ActiveCfg = Template|Win32
		{F2B5F26B-F826-64D1-D807-84C31AD8B790}.Template|Win32.Build.0 = Template|Win32
		{F2B5F26B-F826-64D1-D807-84C31AD8B790}.Template|x64.ActiveCfg = Template|Win32
	EndGlobalSection
	GlobalSection(SolutionProperties) = preSolution
		HideSolutionNode = FALSE
	EndGlobalSection
	GlobalSection(NestedProjects) = preSolution
		{7F7B2826-55CA-444F-A996-48D0575DC1BD} = {FED70F6C-AC4B-4E89-B71A-D7689B321001}
		{52659196-3582-458D-AA2A-EE0DB201F908} = {AD9BD850-D2EF-45E9-80EA-12C8D2F00BD3}
		{B2709556-3C90-4BCD-83BF-F0F749744E65} = {AD9BD850-D2EF-45E9-80EA-12C8D2F00BD3}
		{4CE737C8-6D88-4C09-A56F-D21F6602DFB1} = {88D3818F-DD2B-4163-A30D-B5F05E9471B5}
		{23BDCCD2-4E53-4345-8C18-5913C55E81BA} = {96A1BAC3-8638-4762-8A1B-451443FF2E22}
		{78B079BD-9FC7-4B9E-B4A6-96DA0F00248B} = {C6205593-12B4-4F09-9375-888A9943330B}
		{F7E944B3-0815-40CD-B3E4-90B2A15B0E33} = {96A1BAC3-8638-4762-8A1B-451443FF2E22}
		{EBDA67CA-4A23-4F22-BFBC-B8DBE0580D4F} = {C6205593-12B4-4F09-9375-888A9943330B}
		{B162B6F1-E876-4D5F-A1F6-E3A6DC2F4A2C} = {C6205593-12B4-4F09-9375-888A9943330B}
		{2BD5534E-00E2-4BEA-AC96-D9A92EA24696} = {96A1BAC3-8638-4762-8A1B-451443FF2E22}
		{D9982E89-7378-4C7B-88DC-7D949E3BCC12} = {C6205593-12B4-4F09-9375-888A9943330B}
		{33048AF1-031A-4CE6-B61E-FAD2DB832E9E} = {96A1BAC3-8638-4762-8A1B-451443FF2E22}
		{1BAB2AFC-3520-481B-8132-5D4D9619E58D} = {C6205593-12B4-4F09-9375-888A9943330B}
		{CEBDE98B-A6AA-46E6-BC79-FAAF823DB9EC} = {C6205593-12B4-4F09-9375-888A9943330B}
		{3A214E06-B95E-4D61-A291-1F8DF2EC10FD} = {C6205593-12B4-4F09-9375-888A9943330B}
		{15CBFEFF-7965-41F5-B4E2-21E8795C9159} = {C6205593-12B4-4F09-9375-888A9943330B}
		{93B4F285-36F4-4618-B230-73E1F7734576} = {C6205593-12B4-4F09-9375-888A9943330B}
		{F2B5F26B-F826-64D1-D807-84C31AD8B790} = {C6205593-12B4-4F09-9375-888A9943330B}
	EndGlobalSection
EndGlobal
