
Microsoft Visual Studio Solution File, Format Version 12.00
# Visual Studio 2013
VisualStudioVersion = 12.0.31101.0
MinimumVisualStudioVersion = 10.0.40219.1
Project("{FAE04EC0-301F-11D3-BF4B-00C04F79EFBC}") = "UVEngine", "UVEngine\UVEngine.csproj", "{7F7B2826-55CA-444F-A996-48D0575DC1BD}"
EndProject
Project("{FAE04EC0-301F-11D3-BF4B-00C04F79EFBC}") = "BGM", "BGM\BGM.csproj", "{52659196-3582-458D-AA2A-EE0DB201F908}"
EndProject
Project("{FAE04EC0-301F-11D3-BF4B-00C04F79EFBC}") = "OggDecode", "OggDecode\OggDecode.csproj", "{B2709556-3C90-4BCD-83BF-F0F749744E65}"
EndProject
Project("{2150E333-8FDC-42A3-9474-1A3956D46DE8}") = "Native", "Native", "{88D3818F-DD2B-4163-A30D-B5F05E9471B5}"
EndProject
Project("{2150E333-8FDC-42A3-9474-1A3956D46DE8}") = "Managed", "Managed", "{AD9BD850-D2EF-45E9-80EA-12C8D2F00BD3}"
EndProject
Project("{2150E333-8FDC-42A3-9474-1A3956D46DE8}") = "Main", "Main", "{FED70F6C-AC4B-4E89-B71A-D7689B321001}"
EndProject
Project("{8BC9CEB8-8B4A-11D0-8D11-00A0C91BC942}") = "UVEngineNative", "UVEngineNative\UVEngineNative.vcxproj", "{4CE737C8-6D88-4C09-A56F-D21F6602DFB1}"
EndProject
Project("{8BC9CEB8-8B4A-11D0-8D11-00A0C91BC942}") = "SDL_ttf", "SDL_ttf\SDL_ttf.vcxproj", "{23BDCCD2-4E53-4345-8C18-5913C55E81BA}"
EndProject
Project("{8BC9CEB8-8B4A-11D0-8D11-00A0C91BC942}") = "freetype", "freetype\builds\win32\vc2010\freetype.vcxproj", "{78B079BD-9FC7-4B9E-B4A6-96DA0F00248B}"
EndProject
Project("{8BC9CEB8-8B4A-11D0-8D11-00A0C91BC942}") = "SDL_mixer", "SDL_mixer\VisualC\SDL_mixer.vcxproj", "{F7E944B3-0815-40CD-B3E4-90B2A15B0E33}"
EndProject
Project("{8BC9CEB8-8B4A-11D0-8D11-00A0C91BC942}") = "timidity", "SDL_mixer\VisualC\timidity\timidity.vcxproj", "{B162B6F1-E876-4D5F-A1F6-E3A6DC2F4A2C}"
EndProject
Project("{8BC9CEB8-8B4A-11D0-8D11-00A0C91BC942}") = "SDL_image", "SDL_image\VisualC\SDL_image_VS2012.vcxproj", "{2BD5534E-00E2-4BEA-AC96-D9A92EA24696}"
EndProject
Project("{8BC9CEB8-8B4A-11D0-8D11-00A0C91BC942}") = "lua", "lua\lua.vcxproj", "{D9982E89-7378-4C7B-88DC-7D949E3BCC12}"
EndProject
Project("{8BC9CEB8-8B4A-11D0-8D11-00A0C91BC942}") = "SDL-WinPhone", "SDL\VisualC-WinPhone\SDL\SDL_VS2012-WinPhone.vcxproj", "{33048AF1-031A-4CE6-B61E-FAD2DB832E9E}"
EndProject
Project("{8BC9CEB8-8B4A-11D0-8D11-00A0C91BC942}") = "libjpeg-9", "libjpeg-9\libjpeg-9.vcxproj", "{1BAB2AFC-3520-481B-8132-5D4D9619E58D}"
EndProject
Project("{8BC9CEB8-8B4A-11D0-8D11-00A0C91BC942}") = "libvorbisfile", "libvorbis-1.3.3\win32\VS2010\libvorbisfile\libvorbisfile_static.vcxproj", "{CEBDE98B-A6AA-46E6-BC79-FAAF823DB9EC}"
EndProject
Project("{8BC9CEB8-8B4A-11D0-8D11-00A0C91BC942}") = "libvorbis_static", "libvorbis-1.3.3\win32\VS2010\libvorbis\libvorbis_static.vcxproj", "{3A214E06-B95E-4D61-A291-1F8DF2EC10FD}"
EndProject
Project("{8BC9CEB8-8B4A-11D0-8D11-00A0C91BC942}") = "libogg_static", "libogg-1.3.1\win32\VS2010\libogg_static.vcxproj", "{15CBFEFF-7965-41F5-B4E2-21E8795C9159}"
EndProject
Project("{2150E333-8FDC-42A3-9474-1A3956D46DE8}") = "Native Libraries", "Native Libraries", "{C6205593-12B4-4F09-9375-888A9943330B}"
EndProject
Project("{2150E333-8FDC-42A3-9474-1A3956D46DE8}") = "SDL", "SDL", "{96A1BAC3-8638-4762-8A1B-451443FF2E22}"
EndProject
Project("{8BC9CEB8-8B4A-11D0-8D11-00A0C91BC942}") = "libmad", "libmad\msvc++\libmad.vcxproj", "{F2B5F26B-F826-64D1-D807-84C31AD8B790}"
EndProject
Project("{FAE04EC0-301F-11D3-BF4B-00C04F79EFBC}") = "UVEngine2_1", "UVEngine2_1\UVEngine2_1.csproj", "{B3D468FC-28F2-4912-A8EE-4C1B29B63882}"
EndProject
Global
	GlobalSection(SolutionConfigurationPlatforms) = preSolution
		Debug|ARM = Debug|ARM
		Debug|Win32 = Debug|Win32
		Debug|x86 = Debug|x86
		Release|ARM = Release|ARM
		Release|Win32 = Release|Win32
		Release|x86 = Release|x86
	EndGlobalSection
	GlobalSection(ProjectConfigurationPlatforms) = postSolution
		{7F7B2826-55CA-444F-A996-48D0575DC1BD}.Debug|ARM.ActiveCfg = Debug|ARM
		{7F7B2826-55CA-444F-A996-48D0575DC1BD}.Debug|ARM.Build.0 = Debug|ARM
		{7F7B2826-55CA-444F-A996-48D0575DC1BD}.Debug|ARM.Deploy.0 = Debug|ARM
		{7F7B2826-55CA-444F-A996-48D0575DC1BD}.Debug|Win32.ActiveCfg = Debug|x86
		{7F7B2826-55CA-444F-A996-48D0575DC1BD}.Debug|Win32.Build.0 = Debug|x86
		{7F7B2826-55CA-444F-A996-48D0575DC1BD}.Debug|Win32.Deploy.0 = Debug|x86
		{7F7B2826-55CA-444F-A996-48D0575DC1BD}.Debug|x86.ActiveCfg = Debug|x86
		{7F7B2826-55CA-444F-A996-48D0575DC1BD}.Debug|x86.Build.0 = Debug|x86
		{7F7B2826-55CA-444F-A996-48D0575DC1BD}.Debug|x86.Deploy.0 = Debug|x86
		{7F7B2826-55CA-444F-A996-48D0575DC1BD}.Release|ARM.ActiveCfg = Release|ARM
		{7F7B2826-55CA-444F-A996-48D0575DC1BD}.Release|ARM.Build.0 = Release|ARM
		{7F7B2826-55CA-444F-A996-48D0575DC1BD}.Release|ARM.Deploy.0 = Release|ARM
		{7F7B2826-55CA-444F-A996-48D0575DC1BD}.Release|Win32.ActiveCfg = Release|x86
		{7F7B2826-55CA-444F-A996-48D0575DC1BD}.Release|Win32.Build.0 = Release|x86
		{7F7B2826-55CA-444F-A996-48D0575DC1BD}.Release|Win32.Deploy.0 = Release|x86
		{7F7B2826-55CA-444F-A996-48D0575DC1BD}.Release|x86.ActiveCfg = Release|x86
		{7F7B2826-55CA-444F-A996-48D0575DC1BD}.Release|x86.Build.0 = Release|x86
		{7F7B2826-55CA-444F-A996-48D0575DC1BD}.Release|x86.Deploy.0 = Release|x86
		{52659196-3582-458D-AA2A-EE0DB201F908}.Debug|ARM.ActiveCfg = Debug|ARM
		{52659196-3582-458D-AA2A-EE0DB201F908}.Debug|ARM.Build.0 = Debug|ARM
		{52659196-3582-458D-AA2A-EE0DB201F908}.Debug|Win32.ActiveCfg = Debug|x86
		{52659196-3582-458D-AA2A-EE0DB201F908}.Debug|Win32.Build.0 = Debug|x86
		{52659196-3582-458D-AA2A-EE0DB201F908}.Debug|x86.ActiveCfg = Debug|x86
		{52659196-3582-458D-AA2A-EE0DB201F908}.Debug|x86.Build.0 = Debug|x86
		{52659196-3582-458D-AA2A-EE0DB201F908}.Release|ARM.ActiveCfg = Release|ARM
		{52659196-3582-458D-AA2A-EE0DB201F908}.Release|ARM.Build.0 = Release|ARM
		{52659196-3582-458D-AA2A-EE0DB201F908}.Release|Win32.ActiveCfg = Release|x86
		{52659196-3582-458D-AA2A-EE0DB201F908}.Release|Win32.Build.0 = Release|x86
		{52659196-3582-458D-AA2A-EE0DB201F908}.Release|x86.ActiveCfg = Release|x86
		{52659196-3582-458D-AA2A-EE0DB201F908}.Release|x86.Build.0 = Release|x86
		{B2709556-3C90-4BCD-83BF-F0F749744E65}.Debug|ARM.ActiveCfg = Debug|ARM
		{B2709556-3C90-4BCD-83BF-F0F749744E65}.Debug|ARM.Build.0 = Debug|ARM
		{B2709556-3C90-4BCD-83BF-F0F749744E65}.Debug|Win32.ActiveCfg = Debug|x86
		{B2709556-3C90-4BCD-83BF-F0F749744E65}.Debug|Win32.Build.0 = Debug|x86
		{B2709556-3C90-4BCD-83BF-F0F749744E65}.Debug|x86.ActiveCfg = Debug|x86
		{B2709556-3C90-4BCD-83BF-F0F749744E65}.Debug|x86.Build.0 = Debug|x86
		{B2709556-3C90-4BCD-83BF-F0F749744E65}.Release|ARM.ActiveCfg = Release|ARM
		{B2709556-3C90-4BCD-83BF-F0F749744E65}.Release|ARM.Build.0 = Release|ARM
		{B2709556-3C90-4BCD-83BF-F0F749744E65}.Release|Win32.ActiveCfg = Release|x86
		{B2709556-3C90-4BCD-83BF-F0F749744E65}.Release|Win32.Build.0 = Release|x86
		{B2709556-3C90-4BCD-83BF-F0F749744E65}.Release|x86.ActiveCfg = Release|x86
		{B2709556-3C90-4BCD-83BF-F0F749744E65}.Release|x86.Build.0 = Release|x86
		{4CE737C8-6D88-4C09-A56F-D21F6602DFB1}.Debug|ARM.ActiveCfg = Debug|ARM
		{4CE737C8-6D88-4C09-A56F-D21F6602DFB1}.Debug|ARM.Build.0 = Debug|ARM
		{4CE737C8-6D88-4C09-A56F-D21F6602DFB1}.Debug|Win32.ActiveCfg = Debug|Win32
		{4CE737C8-6D88-4C09-A56F-D21F6602DFB1}.Debug|Win32.Build.0 = Debug|Win32
		{4CE737C8-6D88-4C09-A56F-D21F6602DFB1}.Debug|x86.ActiveCfg = Debug|Win32
		{4CE737C8-6D88-4C09-A56F-D21F6602DFB1}.Debug|x86.Build.0 = Debug|Win32
		{4CE737C8-6D88-4C09-A56F-D21F6602DFB1}.Release|ARM.ActiveCfg = Release|ARM
		{4CE737C8-6D88-4C09-A56F-D21F6602DFB1}.Release|ARM.Build.0 = Release|ARM
		{4CE737C8-6D88-4C09-A56F-D21F6602DFB1}.Release|Win32.ActiveCfg = Release|Win32
		{4CE737C8-6D88-4C09-A56F-D21F6602DFB1}.Release|Win32.Build.0 = Release|Win32
		{4CE737C8-6D88-4C09-A56F-D21F6602DFB1}.Release|x86.ActiveCfg = Release|Win32
		{4CE737C8-6D88-4C09-A56F-D21F6602DFB1}.Release|x86.Build.0 = Release|Win32
		{23BDCCD2-4E53-4345-8C18-5913C55E81BA}.Debug|ARM.ActiveCfg = Debug|ARM
		{23BDCCD2-4E53-4345-8C18-5913C55E81BA}.Debug|ARM.Build.0 = Debug|ARM
		{23BDCCD2-4E53-4345-8C18-5913C55E81BA}.Debug|Win32.ActiveCfg = Debug|Win32
		{23BDCCD2-4E53-4345-8C18-5913C55E81BA}.Debug|Win32.Build.0 = Debug|Win32
		{23BDCCD2-4E53-4345-8C18-5913C55E81BA}.Debug|x86.ActiveCfg = Debug|Win32
		{23BDCCD2-4E53-4345-8C18-5913C55E81BA}.Debug|x86.Build.0 = Debug|Win32
		{23BDCCD2-4E53-4345-8C18-5913C55E81BA}.Release|ARM.ActiveCfg = Release|ARM
		{23BDCCD2-4E53-4345-8C18-5913C55E81BA}.Release|ARM.Build.0 = Release|ARM
		{23BDCCD2-4E53-4345-8C18-5913C55E81BA}.Release|Win32.ActiveCfg = Release|Win32
		{23BDCCD2-4E53-4345-8C18-5913C55E81BA}.Release|Win32.Build.0 = Release|Win32
		{23BDCCD2-4E53-4345-8C18-5913C55E81BA}.Release|x86.ActiveCfg = Release|Win32
		{23BDCCD2-4E53-4345-8C18-5913C55E81BA}.Release|x86.Build.0 = Release|Win32
		{78B079BD-9FC7-4B9E-B4A6-96DA0F00248B}.Debug|ARM.ActiveCfg = Debug|ARM
		{78B079BD-9FC7-4B9E-B4A6-96DA0F00248B}.Debug|ARM.Build.0 = Debug|ARM
		{78B079BD-9FC7-4B9E-B4A6-96DA0F00248B}.Debug|Win32.ActiveCfg = Debug|Win32
		{78B079BD-9FC7-4B9E-B4A6-96DA0F00248B}.Debug|Win32.Build.0 = Debug|Win32
		{78B079BD-9FC7-4B9E-B4A6-96DA0F00248B}.Debug|x86.ActiveCfg = Debug|Win32
		{78B079BD-9FC7-4B9E-B4A6-96DA0F00248B}.Debug|x86.Build.0 = Debug|Win32
		{78B079BD-9FC7-4B9E-B4A6-96DA0F00248B}.Release|ARM.ActiveCfg = Release|ARM
		{78B079BD-9FC7-4B9E-B4A6-96DA0F00248B}.Release|ARM.Build.0 = Release|ARM
		{78B079BD-9FC7-4B9E-B4A6-96DA0F00248B}.Release|Win32.ActiveCfg = Release|Win32
		{78B079BD-9FC7-4B9E-B4A6-96DA0F00248B}.Release|Win32.Build.0 = Release|Win32
		{78B079BD-9FC7-4B9E-B4A6-96DA0F00248B}.Release|x86.ActiveCfg = Release|Win32
		{78B079BD-9FC7-4B9E-B4A6-96DA0F00248B}.Release|x86.Build.0 = Release|Win32
		{F7E944B3-0815-40CD-B3E4-90B2A15B0E33}.Debug|ARM.ActiveCfg = Debug|ARM
		{F7E944B3-0815-40CD-B3E4-90B2A15B0E33}.Debug|ARM.Build.0 = Debug|ARM
		{F7E944B3-0815-40CD-B3E4-90B2A15B0E33}.Debug|Win32.ActiveCfg = Debug|Win32
		{F7E944B3-0815-40CD-B3E4-90B2A15B0E33}.Debug|Win32.Build.0 = Debug|Win32
		{F7E944B3-0815-40CD-B3E4-90B2A15B0E33}.Debug|x86.ActiveCfg = Debug|Win32
		{F7E944B3-0815-40CD-B3E4-90B2A15B0E33}.Debug|x86.Build.0 = Debug|Win32
		{F7E944B3-0815-40CD-B3E4-90B2A15B0E33}.Release|ARM.ActiveCfg = Release|ARM
		{F7E944B3-0815-40CD-B3E4-90B2A15B0E33}.Release|ARM.Build.0 = Release|ARM
		{F7E944B3-0815-40CD-B3E4-90B2A15B0E33}.Release|Win32.ActiveCfg = Release|Win32
		{F7E944B3-0815-40CD-B3E4-90B2A15B0E33}.Release|Win32.Build.0 = Release|Win32
		{F7E944B3-0815-40CD-B3E4-90B2A15B0E33}.Release|x86.ActiveCfg = Release|Win32
		{F7E944B3-0815-40CD-B3E4-90B2A15B0E33}.Release|x86.Build.0 = Release|Win32
		{B162B6F1-E876-4D5F-A1F6-E3A6DC2F4A2C}.Debug|ARM.ActiveCfg = Debug|ARM
		{B162B6F1-E876-4D5F-A1F6-E3A6DC2F4A2C}.Debug|ARM.Build.0 = Debug|ARM
		{B162B6F1-E876-4D5F-A1F6-E3A6DC2F4A2C}.Debug|Win32.ActiveCfg = Debug|Win32
		{B162B6F1-E876-4D5F-A1F6-E3A6DC2F4A2C}.Debug|Win32.Build.0 = Debug|Win32
		{B162B6F1-E876-4D5F-A1F6-E3A6DC2F4A2C}.Debug|x86.ActiveCfg = Debug|Win32
		{B162B6F1-E876-4D5F-A1F6-E3A6DC2F4A2C}.Debug|x86.Build.0 = Debug|Win32
		{B162B6F1-E876-4D5F-A1F6-E3A6DC2F4A2C}.Release|ARM.ActiveCfg = Release|ARM
		{B162B6F1-E876-4D5F-A1F6-E3A6DC2F4A2C}.Release|ARM.Build.0 = Release|ARM
		{B162B6F1-E876-4D5F-A1F6-E3A6DC2F4A2C}.Release|Win32.ActiveCfg = Release|Win32
		{B162B6F1-E876-4D5F-A1F6-E3A6DC2F4A2C}.Release|Win32.Build.0 = Release|Win32
		{B162B6F1-E876-4D5F-A1F6-E3A6DC2F4A2C}.Release|x86.ActiveCfg = Release|Win32
		{B162B6F1-E876-4D5F-A1F6-E3A6DC2F4A2C}.Release|x86.Build.0 = Release|Win32
		{2BD5534E-00E2-4BEA-AC96-D9A92EA24696}.Debug|ARM.ActiveCfg = Debug|ARM
		{2BD5534E-00E2-4BEA-AC96-D9A92EA24696}.Debug|ARM.Build.0 = Debug|ARM
		{2BD5534E-00E2-4BEA-AC96-D9A92EA24696}.Debug|Win32.ActiveCfg = Debug|Win32
		{2BD5534E-00E2-4BEA-AC96-D9A92EA24696}.Debug|Win32.Build.0 = Debug|Win32
		{2BD5534E-00E2-4BEA-AC96-D9A92EA24696}.Debug|x86.ActiveCfg = Debug|Win32
		{2BD5534E-00E2-4BEA-AC96-D9A92EA24696}.Debug|x86.Build.0 = Debug|Win32
		{2BD5534E-00E2-4BEA-AC96-D9A92EA24696}.Release|ARM.ActiveCfg = Release|ARM
		{2BD5534E-00E2-4BEA-AC96-D9A92EA24696}.Release|ARM.Build.0 = Release|ARM
		{2BD5534E-00E2-4BEA-AC96-D9A92EA24696}.Release|Win32.ActiveCfg = Release|Win32
		{2BD5534E-00E2-4BEA-AC96-D9A92EA24696}.Release|Win32.Build.0 = Release|Win32
		{2BD5534E-00E2-4BEA-AC96-D9A92EA24696}.Release|x86.ActiveCfg = Release|Win32
		{2BD5534E-00E2-4BEA-AC96-D9A92EA24696}.Release|x86.Build.0 = Release|Win32
		{D9982E89-7378-4C7B-88DC-7D949E3BCC12}.Debug|ARM.ActiveCfg = Debug|ARM
		{D9982E89-7378-4C7B-88DC-7D949E3BCC12}.Debug|ARM.Build.0 = Debug|ARM
		{D9982E89-7378-4C7B-88DC-7D949E3BCC12}.Debug|Win32.ActiveCfg = Debug|Win32
		{D9982E89-7378-4C7B-88DC-7D949E3BCC12}.Debug|Win32.Build.0 = Debug|Win32
		{D9982E89-7378-4C7B-88DC-7D949E3BCC12}.Debug|x86.ActiveCfg = Debug|Win32
		{D9982E89-7378-4C7B-88DC-7D949E3BCC12}.Debug|x86.Build.0 = Debug|Win32
		{D9982E89-7378-4C7B-88DC-7D949E3BCC12}.Release|ARM.ActiveCfg = Release|ARM
		{D9982E89-7378-4C7B-88DC-7D949E3BCC12}.Release|ARM.Build.0 = Release|ARM
		{D9982E89-7378-4C7B-88DC-7D949E3BCC12}.Release|Win32.ActiveCfg = Release|Win32
		{D9982E89-7378-4C7B-88DC-7D949E3BCC12}.Release|Win32.Build.0 = Release|Win32
		{D9982E89-7378-4C7B-88DC-7D949E3BCC12}.Release|x86.ActiveCfg = Release|Win32
		{D9982E89-7378-4C7B-88DC-7D949E3BCC12}.Release|x86.Build.0 = Release|Win32
		{33048AF1-031A-4CE6-B61E-FAD2DB832E9E}.Debug|ARM.ActiveCfg = Debug|ARM
		{33048AF1-031A-4CE6-B61E-FAD2DB832E9E}.Debug|ARM.Build.0 = Debug|ARM
		{33048AF1-031A-4CE6-B61E-FAD2DB832E9E}.Debug|Win32.ActiveCfg = Debug|Win32
		{33048AF1-031A-4CE6-B61E-FAD2DB832E9E}.Debug|Win32.Build.0 = Debug|Win32
		{33048AF1-031A-4CE6-B61E-FAD2DB832E9E}.Debug|x86.ActiveCfg = Debug|Win32
		{33048AF1-031A-4CE6-B61E-FAD2DB832E9E}.Debug|x86.Build.0 = Debug|Win32
		{33048AF1-031A-4CE6-B61E-FAD2DB832E9E}.Release|ARM.ActiveCfg = Release|ARM
		{33048AF1-031A-4CE6-B61E-FAD2DB832E9E}.Release|ARM.Build.0 = Release|ARM
		{33048AF1-031A-4CE6-B61E-FAD2DB832E9E}.Release|Win32.ActiveCfg = Release|Win32
		{33048AF1-031A-4CE6-B61E-FAD2DB832E9E}.Release|Win32.Build.0 = Release|Win32
		{33048AF1-031A-4CE6-B61E-FAD2DB832E9E}.Release|x86.ActiveCfg = Release|Win32
		{33048AF1-031A-4CE6-B61E-FAD2DB832E9E}.Release|x86.Build.0 = Release|Win32
		{1BAB2AFC-3520-481B-8132-5D4D9619E58D}.Debug|ARM.ActiveCfg = Debug|ARM
		{1BAB2AFC-3520-481B-8132-5D4D9619E58D}.Debug|ARM.Build.0 = Debug|ARM
		{1BAB2AFC-3520-481B-8132-5D4D9619E58D}.Debug|Win32.ActiveCfg = Debug|Win32
		{1BAB2AFC-3520-481B-8132-5D4D9619E58D}.Debug|Win32.Build.0 = Debug|Win32
		{1BAB2AFC-3520-481B-8132-5D4D9619E58D}.Debug|x86.ActiveCfg = Debug|Win32
		{1BAB2AFC-3520-481B-8132-5D4D9619E58D}.Debug|x86.Build.0 = Debug|Win32
		{1BAB2AFC-3520-481B-8132-5D4D9619E58D}.Release|ARM.ActiveCfg = Release|ARM
		{1BAB2AFC-3520-481B-8132-5D4D9619E58D}.Release|ARM.Build.0 = Release|ARM
		{1BAB2AFC-3520-481B-8132-5D4D9619E58D}.Release|Win32.ActiveCfg = Release|Win32
		{1BAB2AFC-3520-481B-8132-5D4D9619E58D}.Release|Win32.Build.0 = Release|Win32
		{1BAB2AFC-3520-481B-8132-5D4D9619E58D}.Release|x86.ActiveCfg = Release|Win32
		{1BAB2AFC-3520-481B-8132-5D4D9619E58D}.Release|x86.Build.0 = Release|Win32
		{CEBDE98B-A6AA-46E6-BC79-FAAF823DB9EC}.Debug|ARM.ActiveCfg = Debug|ARM
		{CEBDE98B-A6AA-46E6-BC79-FAAF823DB9EC}.Debug|ARM.Build.0 = Debug|ARM
		{CEBDE98B-A6AA-46E6-BC79-FAAF823DB9EC}.Debug|Win32.ActiveCfg = Debug|Win32
		{CEBDE98B-A6AA-46E6-BC79-FAAF823DB9EC}.Debug|Win32.Build.0 = Debug|Win32
		{CEBDE98B-A6AA-46E6-BC79-FAAF823DB9EC}.Debug|x86.ActiveCfg = Debug|ARM
		{CEBDE98B-A6AA-46E6-BC79-FAAF823DB9EC}.Release|ARM.ActiveCfg = Release|ARM
		{CEBDE98B-A6AA-46E6-BC79-FAAF823DB9EC}.Release|ARM.Build.0 = Release|ARM
		{CEBDE98B-A6AA-46E6-BC79-FAAF823DB9EC}.Release|Win32.ActiveCfg = Release|Win32
		{CEBDE98B-A6AA-46E6-BC79-FAAF823DB9EC}.Release|Win32.Build.0 = Release|Win32
		{CEBDE98B-A6AA-46E6-BC79-FAAF823DB9EC}.Release|x86.ActiveCfg = Release|ARM
		{3A214E06-B95E-4D61-A291-1F8DF2EC10FD}.Debug|ARM.ActiveCfg = Debug|ARM
		{3A214E06-B95E-4D61-A291-1F8DF2EC10FD}.Debug|ARM.Build.0 = Debug|ARM
		{3A214E06-B95E-4D61-A291-1F8DF2EC10FD}.Debug|Win32.ActiveCfg = Debug|Win32
		{3A214E06-B95E-4D61-A291-1F8DF2EC10FD}.Debug|Win32.Build.0 = Debug|Win32
		{3A214E06-B95E-4D61-A291-1F8DF2EC10FD}.Debug|x86.ActiveCfg = Debug|ARM
		{3A214E06-B95E-4D61-A291-1F8DF2EC10FD}.Release|ARM.ActiveCfg = Release|ARM
		{3A214E06-B95E-4D61-A291-1F8DF2EC10FD}.Release|ARM.Build.0 = Release|ARM
		{3A214E06-B95E-4D61-A291-1F8DF2EC10FD}.Release|Win32.ActiveCfg = Release|Win32
		{3A214E06-B95E-4D61-A291-1F8DF2EC10FD}.Release|Win32.Build.0 = Release|Win32
		{3A214E06-B95E-4D61-A291-1F8DF2EC10FD}.Release|x86.ActiveCfg = Release|ARM
		{15CBFEFF-7965-41F5-B4E2-21E8795C9159}.Debug|ARM.ActiveCfg = Debug|ARM
		{15CBFEFF-7965-41F5-B4E2-21E8795C9159}.Debug|ARM.Build.0 = Debug|ARM
		{15CBFEFF-7965-41F5-B4E2-21E8795C9159}.Debug|Win32.ActiveCfg = Debug|Win32
		{15CBFEFF-7965-41F5-B4E2-21E8795C9159}.Debug|Win32.Build.0 = Debug|Win32
		{15CBFEFF-7965-41F5-B4E2-21E8795C9159}.Debug|x86.ActiveCfg = Debug|Win32
		{15CBFEFF-7965-41F5-B4E2-21E8795C9159}.Debug|x86.Build.0 = Debug|Win32
		{15CBFEFF-7965-41F5-B4E2-21E8795C9159}.Release|ARM.ActiveCfg = Release|ARM
		{15CBFEFF-7965-41F5-B4E2-21E8795C9159}.Release|ARM.Build.0 = Release|ARM
		{15CBFEFF-7965-41F5-B4E2-21E8795C9159}.Release|Win32.ActiveCfg = Release|Win32
		{15CBFEFF-7965-41F5-B4E2-21E8795C9159}.Release|Win32.Build.0 = Release|Win32
		{15CBFEFF-7965-41F5-B4E2-21E8795C9159}.Release|x86.ActiveCfg = Release|Win32
		{15CBFEFF-7965-41F5-B4E2-21E8795C9159}.Release|x86.Build.0 = Release|Win32
		{F2B5F26B-F826-64D1-D807-84C31AD8B790}.Debug|ARM.ActiveCfg = Debug|ARM
		{F2B5F26B-F826-64D1-D807-84C31AD8B790}.Debug|ARM.Build.0 = Debug|ARM
		{F2B5F26B-F826-64D1-D807-84C31AD8B790}.Debug|Win32.ActiveCfg = Debug|Win32
		{F2B5F26B-F826-64D1-D807-84C31AD8B790}.Debug|Win32.Build.0 = Debug|Win32
		{F2B5F26B-F826-64D1-D807-84C31AD8B790}.Debug|x86.ActiveCfg = Debug|Win32
		{F2B5F26B-F826-64D1-D807-84C31AD8B790}.Debug|x86.Build.0 = Debug|Win32
		{F2B5F26B-F826-64D1-D807-84C31AD8B790}.Release|ARM.ActiveCfg = Release|ARM
		{F2B5F26B-F826-64D1-D807-84C31AD8B790}.Release|ARM.Build.0 = Release|ARM
		{F2B5F26B-F826-64D1-D807-84C31AD8B790}.Release|Win32.ActiveCfg = Release|Win32
		{F2B5F26B-F826-64D1-D807-84C31AD8B790}.Release|Win32.Build.0 = Release|Win32
		{F2B5F26B-F826-64D1-D807-84C31AD8B790}.Release|x86.ActiveCfg = Release|Win32
		{F2B5F26B-F826-64D1-D807-84C31AD8B790}.Release|x86.Build.0 = Release|Win32
		{B3D468FC-28F2-4912-A8EE-4C1B29B63882}.Debug|ARM.ActiveCfg = Debug|ARM
		{B3D468FC-28F2-4912-A8EE-4C1B29B63882}.Debug|ARM.Build.0 = Debug|ARM
		{B3D468FC-28F2-4912-A8EE-4C1B29B63882}.Debug|ARM.Deploy.0 = Debug|ARM
		{B3D468FC-28F2-4912-A8EE-4C1B29B63882}.Debug|Win32.ActiveCfg = Debug|x86
		{B3D468FC-28F2-4912-A8EE-4C1B29B63882}.Debug|Win32.Build.0 = Debug|x86
		{B3D468FC-28F2-4912-A8EE-4C1B29B63882}.Debug|Win32.Deploy.0 = Debug|x86
		{B3D468FC-28F2-4912-A8EE-4C1B29B63882}.Debug|x86.ActiveCfg = Debug|x86
		{B3D468FC-28F2-4912-A8EE-4C1B29B63882}.Debug|x86.Build.0 = Debug|x86
		{B3D468FC-28F2-4912-A8EE-4C1B29B63882}.Debug|x86.Deploy.0 = Debug|x86
		{B3D468FC-28F2-4912-A8EE-4C1B29B63882}.Release|ARM.ActiveCfg = Release|ARM
		{B3D468FC-28F2-4912-A8EE-4C1B29B63882}.Release|ARM.Build.0 = Release|ARM
		{B3D468FC-28F2-4912-A8EE-4C1B29B63882}.Release|ARM.Deploy.0 = Release|ARM
		{B3D468FC-28F2-4912-A8EE-4C1B29B63882}.Release|Win32.ActiveCfg = Release|x86
		{B3D468FC-28F2-4912-A8EE-4C1B29B63882}.Release|Win32.Build.0 = Release|x86
		{B3D468FC-28F2-4912-A8EE-4C1B29B63882}.Release|Win32.Deploy.0 = Release|x86
		{B3D468FC-28F2-4912-A8EE-4C1B29B63882}.Release|x86.ActiveCfg = Release|x86
		{B3D468FC-28F2-4912-A8EE-4C1B29B63882}.Release|x86.Build.0 = Release|x86
		{B3D468FC-28F2-4912-A8EE-4C1B29B63882}.Release|x86.Deploy.0 = Release|x86
	EndGlobalSection
	GlobalSection(SolutionProperties) = preSolution
		HideSolutionNode = FALSE
	EndGlobalSection
	GlobalSection(NestedProjects) = preSolution
		{7F7B2826-55CA-444F-A996-48D0575DC1BD} = {FED70F6C-AC4B-4E89-B71A-D7689B321001}
		{52659196-3582-458D-AA2A-EE0DB201F908} = {AD9BD850-D2EF-45E9-80EA-12C8D2F00BD3}
		{B2709556-3C90-4BCD-83BF-F0F749744E65} = {AD9BD850-D2EF-45E9-80EA-12C8D2F00BD3}
		{4CE737C8-6D88-4C09-A56F-D21F6602DFB1} = {88D3818F-DD2B-4163-A30D-B5F05E9471B5}
		{23BDCCD2-4E53-4345-8C18-5913C55E81BA} = {96A1BAC3-8638-4762-8A1B-451443FF2E22}
		{78B079BD-9FC7-4B9E-B4A6-96DA0F00248B} = {C6205593-12B4-4F09-9375-888A9943330B}
		{F7E944B3-0815-40CD-B3E4-90B2A15B0E33} = {96A1BAC3-8638-4762-8A1B-451443FF2E22}
		{B162B6F1-E876-4D5F-A1F6-E3A6DC2F4A2C} = {C6205593-12B4-4F09-9375-888A9943330B}
		{2BD5534E-00E2-4BEA-AC96-D9A92EA24696} = {96A1BAC3-8638-4762-8A1B-451443FF2E22}
		{D9982E89-7378-4C7B-88DC-7D949E3BCC12} = {C6205593-12B4-4F09-9375-888A9943330B}
		{33048AF1-031A-4CE6-B61E-FAD2DB832E9E} = {96A1BAC3-8638-4762-8A1B-451443FF2E22}
		{1BAB2AFC-3520-481B-8132-5D4D9619E58D} = {C6205593-12B4-4F09-9375-888A9943330B}
		{CEBDE98B-A6AA-46E6-BC79-FAAF823DB9EC} = {C6205593-12B4-4F09-9375-888A9943330B}
		{3A214E06-B95E-4D61-A291-1F8DF2EC10FD} = {C6205593-12B4-4F09-9375-888A9943330B}
		{15CBFEFF-7965-41F5-B4E2-21E8795C9159} = {C6205593-12B4-4F09-9375-888A9943330B}
		{F2B5F26B-F826-64D1-D807-84C31AD8B790} = {C6205593-12B4-4F09-9375-888A9943330B}
		{B3D468FC-28F2-4912-A8EE-4C1B29B63882} = {FED70F6C-AC4B-4E89-B71A-D7689B321001}
	EndGlobalSection
EndGlobal
