
Microsoft Visual Studio Solution File, Format Version 11.00
# Visual Studio 2010
Project("{8BC9CEB8-8B4A-11D0-8D11-00A0C91BC942}") = "libid3tag", "libid3tag.vcxproj", "{F1F2938A-7374-63F3-8CE2-FBE5E8A04895}"
EndProject
Global
	GlobalSection(SolutionConfigurationPlatforms) = preSolution
		Debug|Win32 = Debug|Win32
		Release|Win32 = Release|Win32
	EndGlobalSection
	GlobalSection(ProjectConfigurationPlatforms) = postSolution
		{F1F2938A-7374-63F3-8CE2-FBE5E8A04895}.Debug|Win32.ActiveCfg = Debug|Win32
		{F1F2938A-7374-63F3-8CE2-FBE5E8A04895}.Debug|Win32.Build.0 = Debug|Win32
		{F1F2938A-7374-63F3-8CE2-FBE5E8A04895}.Release|Win32.ActiveCfg = Release|Win32
		{F1F2938A-7374-63F3-8CE2-FBE5E8A04895}.Release|Win32.Build.0 = Release|Win32
	EndGlobalSection
	GlobalSection(SolutionProperties) = preSolution
		HideSolutionNode = FALSE
	EndGlobalSection
EndGlobal
