Microsoft Visual Studio Solution File, Format Version 12.00
# Visual Studio 2012
Project("{8BC9CEB8-8B4A-11D0-8D11-00A0C91BC942}") = "zlib", "zlib\zlib.vcxproj", "{60F89955-91C6-3A36-8000-13C592FEC2DF}"
EndProject
Project("{8BC9CEB8-8B4A-11D0-8D11-00A0C91BC942}") = "libpng", "libpng\libpng.vcxproj", "{D6973076-9317-4EF2-A0B8-B7A18AC0713E}"
	ProjectSection(ProjectDependencies) = postProject
		{60F89955-91C6-3A36-8000-13C592FEC2DF} = {60F89955-91C6-3A36-8000-13C592FEC2DF}
	EndProjectSection
EndProject
Global
	GlobalSection(SolutionConfigurationPlatforms) = preSolution
		Debug Library|ARM = Debug Library|ARM
		Debug|ARM = Debug|ARM
		Release Library|ARM = Release Library|ARM
		Release|ARM = Release|ARM
	EndGlobalSection
	GlobalSection(ProjectConfigurationPlatforms) = postSolution
		{60F89955-91C6-3A36-8000-13C592FEC2DF}.Debug Library|ARM.ActiveCfg = Debug Library|ARM
		{60F89955-91C6-3A36-8000-13C592FEC2DF}.Debug Library|ARM.Build.0 = Debug Library|ARM
		{60F89955-91C6-3A36-8000-13C592FEC2DF}.Debug|ARM.ActiveCfg = Debug|ARM
		{60F89955-91C6-3A36-8000-13C592FEC2DF}.Debug|ARM.Build.0 = Debug|ARM
		{60F89955-91C6-3A36-8000-13C592FEC2DF}.Release Library|ARM.ActiveCfg = Release Library|ARM
		{60F89955-91C6-3A36-8000-13C592FEC2DF}.Release Library|ARM.Build.0 = Release Library|ARM
		{60F89955-91C6-3A36-8000-13C592FEC2DF}.Release|ARM.ActiveCfg = Release|ARM
		{60F89955-91C6-3A36-8000-13C592FEC2DF}.Release|ARM.Build.0 = Release|ARM
		{D6973076-9317-4EF2-A0B8-B7A18AC0713E}.Debug Library|ARM.ActiveCfg = Debug Library|ARM
		{D6973076-9317-4EF2-A0B8-B7A18AC0713E}.Debug Library|ARM.Build.0 = Debug Library|ARM
		{D6973076-9317-4EF2-A0B8-B7A18AC0713E}.Debug|ARM.ActiveCfg = Debug|ARM
		{D6973076-9317-4EF2-A0B8-B7A18AC0713E}.Debug|ARM.Build.0 = Debug|ARM
		{D6973076-9317-4EF2-A0B8-B7A18AC0713E}.Release Library|ARM.ActiveCfg = Release Library|ARM
		{D6973076-9317-4EF2-A0B8-B7A18AC0713E}.Release Library|ARM.Build.0 = Release Library|ARM
		{D6973076-9317-4EF2-A0B8-B7A18AC0713E}.Release|ARM.ActiveCfg = Release|ARM
		{D6973076-9317-4EF2-A0B8-B7A18AC0713E}.Release|ARM.Build.0 = Release|ARM
	EndGlobalSection
	GlobalSection(SolutionProperties) = preSolution
		HideSolutionNode = FALSE
	EndGlobalSection
EndGlobal
